// !$*UTF8*$!
{
	archiveVersion = 1;
	classes = {
	};
	objectVersion = 52;
	objects = {

/* Begin PBXBuildFile section */
		392389892386FD3900B2E1DF /* MXClient+Publisher.swift in Sources */ = {isa = PBXBuildFile; fileRef = 392389882386FD3900B2E1DF /* MXClient+Publisher.swift */; };
		3923898D238859D100B2E1DF /* MX+Identifiable.swift in Sources */ = {isa = PBXBuildFile; fileRef = 3923898C238859D100B2E1DF /* MX+Identifiable.swift */; };
		3923898F2388707E00B2E1DF /* ConversationListCell.swift in Sources */ = {isa = PBXBuildFile; fileRef = 3923898E2388707E00B2E1DF /* ConversationListCell.swift */; };
		39238991238870FE00B2E1DF /* Color+random.swift in Sources */ = {isa = PBXBuildFile; fileRef = 39238990238870FE00B2E1DF /* Color+random.swift */; };
		392389942388899200B2E1DF /* Formatter.swift in Sources */ = {isa = PBXBuildFile; fileRef = 392389932388899200B2E1DF /* Formatter.swift */; };
		3923899623888A6C00B2E1DF /* MXRoomSummary+Helper.swift in Sources */ = {isa = PBXBuildFile; fileRef = 3923899523888A6C00B2E1DF /* MXRoomSummary+Helper.swift */; };
		392389982388998F00B2E1DF /* ActivityIndicator.swift in Sources */ = {isa = PBXBuildFile; fileRef = 392389972388998F00B2E1DF /* ActivityIndicator.swift */; };
		3923899A2388A52A00B2E1DF /* MatrixServices.swift in Sources */ = {isa = PBXBuildFile; fileRef = 392389992388A52A00B2E1DF /* MatrixServices.swift */; };
		3970DC942385A8BE00EFE31B /* KeyboardObserving in Frameworks */ = {isa = PBXBuildFile; productRef = 3970DC932385A8BE00EFE31B /* KeyboardObserving */; };
		39C931DD2384328A004449E1 /* AppDelegate.swift in Sources */ = {isa = PBXBuildFile; fileRef = 39C931DC2384328A004449E1 /* AppDelegate.swift */; };
		39C931DF2384328A004449E1 /* SceneDelegate.swift in Sources */ = {isa = PBXBuildFile; fileRef = 39C931DE2384328A004449E1 /* SceneDelegate.swift */; };
		39C931E12384328A004449E1 /* RootView.swift in Sources */ = {isa = PBXBuildFile; fileRef = 39C931E02384328A004449E1 /* RootView.swift */; };
		39C931E32384328B004449E1 /* Assets.xcassets in Resources */ = {isa = PBXBuildFile; fileRef = 39C931E22384328B004449E1 /* Assets.xcassets */; };
		39C931E62384328B004449E1 /* Preview Assets.xcassets in Resources */ = {isa = PBXBuildFile; fileRef = 39C931E52384328B004449E1 /* Preview Assets.xcassets */; };
		39C931E92384328B004449E1 /* LaunchScreen.storyboard in Resources */ = {isa = PBXBuildFile; fileRef = 39C931E72384328B004449E1 /* LaunchScreen.storyboard */; };
		39C931F523846966004449E1 /* LoginView.swift in Sources */ = {isa = PBXBuildFile; fileRef = 39C931F423846966004449E1 /* LoginView.swift */; };
		39C931F723846B2D004449E1 /* .swiftlint.yml in Resources */ = {isa = PBXBuildFile; fileRef = 39C931F623846B2D004449E1 /* .swiftlint.yml */; };
		39C931FE23847E7F004449E1 /* MatrixStore.swift in Sources */ = {isa = PBXBuildFile; fileRef = 39C931FD23847E7F004449E1 /* MatrixStore.swift */; };
		39C9320123847F8F004449E1 /* KeychainItem in Frameworks */ = {isa = PBXBuildFile; productRef = 39C9320023847F8F004449E1 /* KeychainItem */; };
		39C932072384BB13004449E1 /* ConversationListView.swift in Sources */ = {isa = PBXBuildFile; fileRef = 39C932062384BB13004449E1 /* ConversationListView.swift */; };
		39C93209238553E4004449E1 /* ConversationView.swift in Sources */ = {isa = PBXBuildFile; fileRef = 39C93208238553E4004449E1 /* ConversationView.swift */; };
		39C9320B23856033004449E1 /* MessageComposerView.swift in Sources */ = {isa = PBXBuildFile; fileRef = 39C9320A23856033004449E1 /* MessageComposerView.swift */; };
		39D166C62385C804006DD257 /* String+Emoji.swift in Sources */ = {isa = PBXBuildFile; fileRef = 39D166C52385C804006DD257 /* String+Emoji.swift */; };
		39D166C82385C832006DD257 /* MessageView.swift in Sources */ = {isa = PBXBuildFile; fileRef = 39D166C72385C832006DD257 /* MessageView.swift */; };
		87FE3870173FD55A91B15921 /* Pods_Nio.framework in Frameworks */ = {isa = PBXBuildFile; fileRef = 3410F361E5A713D19ECEF861 /* Pods_Nio.framework */; };
		D37A340D2387F3EC00CE9033 /* MXSession+Publisher.swift in Sources */ = {isa = PBXBuildFile; fileRef = D37A340C2387F3EC00CE9033 /* MXSession+Publisher.swift */; };
/* End PBXBuildFile section */

/* Begin PBXFileReference section */
		1E4E720D4D3B7FC804D870FA /* Pods-Nio.release.xcconfig */ = {isa = PBXFileReference; includeInIndex = 1; lastKnownFileType = text.xcconfig; name = "Pods-Nio.release.xcconfig"; path = "Target Support Files/Pods-Nio/Pods-Nio.release.xcconfig"; sourceTree = "<group>"; };
		2B2F4F3EBCAD5CCD1232E88A /* Pods-Nio.debug.xcconfig */ = {isa = PBXFileReference; includeInIndex = 1; lastKnownFileType = text.xcconfig; name = "Pods-Nio.debug.xcconfig"; path = "Target Support Files/Pods-Nio/Pods-Nio.debug.xcconfig"; sourceTree = "<group>"; };
		3410F361E5A713D19ECEF861 /* Pods_Nio.framework */ = {isa = PBXFileReference; explicitFileType = wrapper.framework; includeInIndex = 0; path = Pods_Nio.framework; sourceTree = BUILT_PRODUCTS_DIR; };
		392389882386FD3900B2E1DF /* MXClient+Publisher.swift */ = {isa = PBXFileReference; lastKnownFileType = sourcecode.swift; path = "MXClient+Publisher.swift"; sourceTree = "<group>"; };
		3923898C238859D100B2E1DF /* MX+Identifiable.swift */ = {isa = PBXFileReference; lastKnownFileType = sourcecode.swift; path = "MX+Identifiable.swift"; sourceTree = "<group>"; };
		3923898E2388707E00B2E1DF /* ConversationListCell.swift */ = {isa = PBXFileReference; lastKnownFileType = sourcecode.swift; path = ConversationListCell.swift; sourceTree = "<group>"; };
		39238990238870FE00B2E1DF /* Color+random.swift */ = {isa = PBXFileReference; lastKnownFileType = sourcecode.swift; path = "Color+random.swift"; sourceTree = "<group>"; };
		392389932388899200B2E1DF /* Formatter.swift */ = {isa = PBXFileReference; lastKnownFileType = sourcecode.swift; path = Formatter.swift; sourceTree = "<group>"; };
		3923899523888A6C00B2E1DF /* MXRoomSummary+Helper.swift */ = {isa = PBXFileReference; lastKnownFileType = sourcecode.swift; path = "MXRoomSummary+Helper.swift"; sourceTree = "<group>"; };
		392389972388998F00B2E1DF /* ActivityIndicator.swift */ = {isa = PBXFileReference; lastKnownFileType = sourcecode.swift; path = ActivityIndicator.swift; sourceTree = "<group>"; };
		392389992388A52A00B2E1DF /* MatrixServices.swift */ = {isa = PBXFileReference; lastKnownFileType = sourcecode.swift; path = MatrixServices.swift; sourceTree = "<group>"; };
		39C931D92384328A004449E1 /* Nio.app */ = {isa = PBXFileReference; explicitFileType = wrapper.application; includeInIndex = 0; path = Nio.app; sourceTree = BUILT_PRODUCTS_DIR; };
		39C931DC2384328A004449E1 /* AppDelegate.swift */ = {isa = PBXFileReference; lastKnownFileType = sourcecode.swift; path = AppDelegate.swift; sourceTree = "<group>"; };
		39C931DE2384328A004449E1 /* SceneDelegate.swift */ = {isa = PBXFileReference; lastKnownFileType = sourcecode.swift; path = SceneDelegate.swift; sourceTree = "<group>"; };
		39C931E02384328A004449E1 /* RootView.swift */ = {isa = PBXFileReference; lastKnownFileType = sourcecode.swift; path = RootView.swift; sourceTree = "<group>"; };
		39C931E22384328B004449E1 /* Assets.xcassets */ = {isa = PBXFileReference; lastKnownFileType = folder.assetcatalog; path = Assets.xcassets; sourceTree = "<group>"; };
		39C931E52384328B004449E1 /* Preview Assets.xcassets */ = {isa = PBXFileReference; lastKnownFileType = folder.assetcatalog; path = "Preview Assets.xcassets"; sourceTree = "<group>"; };
		39C931E82384328B004449E1 /* Base */ = {isa = PBXFileReference; lastKnownFileType = file.storyboard; name = Base; path = Base.lproj/LaunchScreen.storyboard; sourceTree = "<group>"; };
		39C931EA2384328B004449E1 /* Info.plist */ = {isa = PBXFileReference; lastKnownFileType = text.plist.xml; path = Info.plist; sourceTree = "<group>"; };
		39C931F423846966004449E1 /* LoginView.swift */ = {isa = PBXFileReference; lastKnownFileType = sourcecode.swift; path = LoginView.swift; sourceTree = "<group>"; };
		39C931F623846B2D004449E1 /* .swiftlint.yml */ = {isa = PBXFileReference; fileEncoding = 4; lastKnownFileType = text.yaml; path = .swiftlint.yml; sourceTree = SOURCE_ROOT; };
		39C931FD23847E7F004449E1 /* MatrixStore.swift */ = {isa = PBXFileReference; lastKnownFileType = sourcecode.swift; path = MatrixStore.swift; sourceTree = "<group>"; };
		39C932062384BB13004449E1 /* ConversationListView.swift */ = {isa = PBXFileReference; lastKnownFileType = sourcecode.swift; path = ConversationListView.swift; sourceTree = "<group>"; };
		39C93208238553E4004449E1 /* ConversationView.swift */ = {isa = PBXFileReference; lastKnownFileType = sourcecode.swift; path = ConversationView.swift; sourceTree = "<group>"; };
		39C9320A23856033004449E1 /* MessageComposerView.swift */ = {isa = PBXFileReference; lastKnownFileType = sourcecode.swift; path = MessageComposerView.swift; sourceTree = "<group>"; };
		39D166C52385C804006DD257 /* String+Emoji.swift */ = {isa = PBXFileReference; lastKnownFileType = sourcecode.swift; path = "String+Emoji.swift"; sourceTree = "<group>"; };
		39D166C72385C832006DD257 /* MessageView.swift */ = {isa = PBXFileReference; lastKnownFileType = sourcecode.swift; path = MessageView.swift; sourceTree = "<group>"; };
		D37A340C2387F3EC00CE9033 /* MXSession+Publisher.swift */ = {isa = PBXFileReference; lastKnownFileType = sourcecode.swift; path = "MXSession+Publisher.swift"; sourceTree = "<group>"; };
/* End PBXFileReference section */

/* Begin PBXFrameworksBuildPhase section */
		39C931D623843289004449E1 /* Frameworks */ = {
			isa = PBXFrameworksBuildPhase;
			buildActionMask = 2147483647;
			files = (
				87FE3870173FD55A91B15921 /* Pods_Nio.framework in Frameworks */,
				39C9320123847F8F004449E1 /* KeychainItem in Frameworks */,
				3970DC942385A8BE00EFE31B /* KeyboardObserving in Frameworks */,
			);
			runOnlyForDeploymentPostprocessing = 0;
		};
/* End PBXFrameworksBuildPhase section */

/* Begin PBXGroup section */
		392389922388898800B2E1DF /* Utility */ = {
			isa = PBXGroup;
			children = (
				392389932388899200B2E1DF /* Formatter.swift */,
				392389972388998F00B2E1DF /* ActivityIndicator.swift */,
			);
			path = Utility;
			sourceTree = "<group>";
		};
		39C931D023843289004449E1 = {
			isa = PBXGroup;
			children = (
				39C931DB2384328A004449E1 /* Nio */,
				39C931DA2384328A004449E1 /* Products */,
				E59A03343DCFE20D3EC045F7 /* Pods */,
				5DC5384442FBDB92C6AD5E68 /* Frameworks */,
			);
			sourceTree = "<group>";
		};
		39C931DA2384328A004449E1 /* Products */ = {
			isa = PBXGroup;
			children = (
				39C931D92384328A004449E1 /* Nio.app */,
			);
			name = Products;
			sourceTree = "<group>";
		};
		39C931DB2384328A004449E1 /* Nio */ = {
			isa = PBXGroup;
			children = (
				39C931DC2384328A004449E1 /* AppDelegate.swift */,
				39C931FD23847E7F004449E1 /* MatrixStore.swift */,
				392389992388A52A00B2E1DF /* MatrixServices.swift */,
				39C931DE2384328A004449E1 /* SceneDelegate.swift */,
				39C931E02384328A004449E1 /* RootView.swift */,
				39C931F423846966004449E1 /* LoginView.swift */,
				392389922388898800B2E1DF /* Utility */,
				39C932052384BAA0004449E1 /* Conversations */,
				39D166C42385C7F6006DD257 /* Extensions */,
				39C931E22384328B004449E1 /* Assets.xcassets */,
				39C931EA2384328B004449E1 /* Info.plist */,
				39C931F3238449C2004449E1 /* Supporting Files */,
				39C931E42384328B004449E1 /* Preview Content */,
			);
			path = Nio;
			sourceTree = "<group>";
		};
		39C931E42384328B004449E1 /* Preview Content */ = {
			isa = PBXGroup;
			children = (
				39C931E52384328B004449E1 /* Preview Assets.xcassets */,
			);
			path = "Preview Content";
			sourceTree = "<group>";
		};
		39C931F3238449C2004449E1 /* Supporting Files */ = {
			isa = PBXGroup;
			children = (
				39C931F623846B2D004449E1 /* .swiftlint.yml */,
				39C931E72384328B004449E1 /* LaunchScreen.storyboard */,
			);
			path = "Supporting Files";
			sourceTree = "<group>";
		};
		39C932052384BAA0004449E1 /* Conversations */ = {
			isa = PBXGroup;
			children = (
				39C932062384BB13004449E1 /* ConversationListView.swift */,
				3923898E2388707E00B2E1DF /* ConversationListCell.swift */,
				39C93208238553E4004449E1 /* ConversationView.swift */,
				39C9320A23856033004449E1 /* MessageComposerView.swift */,
				39D166C72385C832006DD257 /* MessageView.swift */,
			);
			path = Conversations;
			sourceTree = "<group>";
		};
		39D166C42385C7F6006DD257 /* Extensions */ = {
			isa = PBXGroup;
			children = (
				39D166C52385C804006DD257 /* String+Emoji.swift */,
				392389882386FD3900B2E1DF /* MXClient+Publisher.swift */,
				D37A340C2387F3EC00CE9033 /* MXSession+Publisher.swift */,
				3923898C238859D100B2E1DF /* MX+Identifiable.swift */,
				39238990238870FE00B2E1DF /* Color+random.swift */,
				3923899523888A6C00B2E1DF /* MXRoomSummary+Helper.swift */,
			);
			path = Extensions;
			sourceTree = "<group>";
		};
		5DC5384442FBDB92C6AD5E68 /* Frameworks */ = {
			isa = PBXGroup;
			children = (
				3410F361E5A713D19ECEF861 /* Pods_Nio.framework */,
			);
			name = Frameworks;
			sourceTree = "<group>";
		};
		E59A03343DCFE20D3EC045F7 /* Pods */ = {
			isa = PBXGroup;
			children = (
				2B2F4F3EBCAD5CCD1232E88A /* Pods-Nio.debug.xcconfig */,
				1E4E720D4D3B7FC804D870FA /* Pods-Nio.release.xcconfig */,
			);
			path = Pods;
			sourceTree = "<group>";
		};
/* End PBXGroup section */

/* Begin PBXNativeTarget section */
		39C931D823843289004449E1 /* Nio */ = {
			isa = PBXNativeTarget;
			buildConfigurationList = 39C931ED2384328B004449E1 /* Build configuration list for PBXNativeTarget "Nio" */;
			buildPhases = (
				3B30D3B15955D3087BA94018 /* [CP] Check Pods Manifest.lock */,
				39C931F0238447D2004449E1 /* Swiftlint */,
				39C931D523843289004449E1 /* Sources */,
				39C931D623843289004449E1 /* Frameworks */,
				39C931D723843289004449E1 /* Resources */,
				68561E1145B5AE87692E95D3 /* [CP] Embed Pods Frameworks */,
			);
			buildRules = (
			);
			dependencies = (
			);
			name = Nio;
			packageProductDependencies = (
				39C9320023847F8F004449E1 /* KeychainItem */,
				3970DC932385A8BE00EFE31B /* KeyboardObserving */,
			);
			productName = Nio;
			productReference = 39C931D92384328A004449E1 /* Nio.app */;
			productType = "com.apple.product-type.application";
		};
/* End PBXNativeTarget section */

/* Begin PBXProject section */
		39C931D123843289004449E1 /* Project object */ = {
			isa = PBXProject;
			attributes = {
				LastSwiftUpdateCheck = 1130;
				LastUpgradeCheck = 1130;
				ORGANIZATIONNAME = "Kilian Koeltzsch";
				TargetAttributes = {
					39C931D823843289004449E1 = {
						CreatedOnToolsVersion = 11.3;
					};
				};
			};
			buildConfigurationList = 39C931D423843289004449E1 /* Build configuration list for PBXProject "Nio" */;
			compatibilityVersion = "Xcode 9.3";
			developmentRegion = en;
			hasScannedForEncodings = 0;
			knownRegions = (
				en,
				Base,
			);
			mainGroup = 39C931D023843289004449E1;
			packageReferences = (
				39C931FF23847F8F004449E1 /* XCRemoteSwiftPackageReference "keychain-item" */,
				3970DC922385A8BE00EFE31B /* XCRemoteSwiftPackageReference "KeyboardObserving" */,
			);
			productRefGroup = 39C931DA2384328A004449E1 /* Products */;
			projectDirPath = "";
			projectRoot = "";
			targets = (
				39C931D823843289004449E1 /* Nio */,
			);
		};
/* End PBXProject section */

/* Begin PBXResourcesBuildPhase section */
		39C931D723843289004449E1 /* Resources */ = {
			isa = PBXResourcesBuildPhase;
			buildActionMask = 2147483647;
			files = (
				39C931F723846B2D004449E1 /* .swiftlint.yml in Resources */,
				39C931E92384328B004449E1 /* LaunchScreen.storyboard in Resources */,
				39C931E62384328B004449E1 /* Preview Assets.xcassets in Resources */,
				39C931E32384328B004449E1 /* Assets.xcassets in Resources */,
			);
			runOnlyForDeploymentPostprocessing = 0;
		};
/* End PBXResourcesBuildPhase section */

/* Begin PBXShellScriptBuildPhase section */
		39C931F0238447D2004449E1 /* Swiftlint */ = {
			isa = PBXShellScriptBuildPhase;
			buildActionMask = 2147483647;
			files = (
			);
			inputFileListPaths = (
			);
			inputPaths = (
			);
			name = Swiftlint;
			outputFileListPaths = (
			);
			outputPaths = (
			);
			runOnlyForDeploymentPostprocessing = 0;
			shellPath = /bin/sh;
			shellScript = "if which swiftlint >/dev/null; then\n  swiftlint\nelse\n  echo \"warning: SwiftLint not installed, download from https://github.com/realm/SwiftLint\"\nfi\n";
		};
		3B30D3B15955D3087BA94018 /* [CP] Check Pods Manifest.lock */ = {
			isa = PBXShellScriptBuildPhase;
			buildActionMask = 2147483647;
			files = (
			);
			inputFileListPaths = (
			);
			inputPaths = (
				"${PODS_PODFILE_DIR_PATH}/Podfile.lock",
				"${PODS_ROOT}/Manifest.lock",
			);
			name = "[CP] Check Pods Manifest.lock";
			outputFileListPaths = (
			);
			outputPaths = (
				"$(DERIVED_FILE_DIR)/Pods-Nio-checkManifestLockResult.txt",
			);
			runOnlyForDeploymentPostprocessing = 0;
			shellPath = /bin/sh;
			shellScript = "diff \"${PODS_PODFILE_DIR_PATH}/Podfile.lock\" \"${PODS_ROOT}/Manifest.lock\" > /dev/null\nif [ $? != 0 ] ; then\n    # print error to STDERR\n    echo \"error: The sandbox is not in sync with the Podfile.lock. Run 'pod install' or update your CocoaPods installation.\" >&2\n    exit 1\nfi\n# This output is used by Xcode 'outputs' to avoid re-running this script phase.\necho \"SUCCESS\" > \"${SCRIPT_OUTPUT_FILE_0}\"\n";
			showEnvVarsInLog = 0;
		};
		68561E1145B5AE87692E95D3 /* [CP] Embed Pods Frameworks */ = {
			isa = PBXShellScriptBuildPhase;
			buildActionMask = 2147483647;
			files = (
			);
			inputFileListPaths = (
				"${PODS_ROOT}/Target Support Files/Pods-Nio/Pods-Nio-frameworks-${CONFIGURATION}-input-files.xcfilelist",
			);
			name = "[CP] Embed Pods Frameworks";
			outputFileListPaths = (
				"${PODS_ROOT}/Target Support Files/Pods-Nio/Pods-Nio-frameworks-${CONFIGURATION}-output-files.xcfilelist",
			);
			runOnlyForDeploymentPostprocessing = 0;
			shellPath = /bin/sh;
			shellScript = "\"${PODS_ROOT}/Target Support Files/Pods-Nio/Pods-Nio-frameworks.sh\"\n";
			showEnvVarsInLog = 0;
		};
/* End PBXShellScriptBuildPhase section */

/* Begin PBXSourcesBuildPhase section */
		39C931D523843289004449E1 /* Sources */ = {
			isa = PBXSourcesBuildPhase;
			buildActionMask = 2147483647;
			files = (
				39C9320B23856033004449E1 /* MessageComposerView.swift in Sources */,
				392389892386FD3900B2E1DF /* MXClient+Publisher.swift in Sources */,
				3923898F2388707E00B2E1DF /* ConversationListCell.swift in Sources */,
				39C931DD2384328A004449E1 /* AppDelegate.swift in Sources */,
				3923898D238859D100B2E1DF /* MX+Identifiable.swift in Sources */,
				39C932072384BB13004449E1 /* ConversationListView.swift in Sources */,
				3923899A2388A52A00B2E1DF /* MatrixServices.swift in Sources */,
				39D166C62385C804006DD257 /* String+Emoji.swift in Sources */,
				3923899623888A6C00B2E1DF /* MXRoomSummary+Helper.swift in Sources */,
				39238991238870FE00B2E1DF /* Color+random.swift in Sources */,
				39C93209238553E4004449E1 /* ConversationView.swift in Sources */,
				D37A340D2387F3EC00CE9033 /* MXSession+Publisher.swift in Sources */,
				392389942388899200B2E1DF /* Formatter.swift in Sources */,
				39D166C82385C832006DD257 /* MessageView.swift in Sources */,
				39C931DF2384328A004449E1 /* SceneDelegate.swift in Sources */,
				39C931F523846966004449E1 /* LoginView.swift in Sources */,
				392389982388998F00B2E1DF /* ActivityIndicator.swift in Sources */,
				39C931FE23847E7F004449E1 /* MatrixStore.swift in Sources */,
				39C931E12384328A004449E1 /* RootView.swift in Sources */,
			);
			runOnlyForDeploymentPostprocessing = 0;
		};
/* End PBXSourcesBuildPhase section */

/* Begin PBXVariantGroup section */
		39C931E72384328B004449E1 /* LaunchScreen.storyboard */ = {
			isa = PBXVariantGroup;
			children = (
				39C931E82384328B004449E1 /* Base */,
			);
			name = LaunchScreen.storyboard;
			sourceTree = "<group>";
		};
/* End PBXVariantGroup section */

/* Begin XCBuildConfiguration section */
		39C931EB2384328B004449E1 /* Debug */ = {
			isa = XCBuildConfiguration;
			buildSettings = {
				ALWAYS_SEARCH_USER_PATHS = NO;
				CLANG_ANALYZER_NONNULL = YES;
				CLANG_ANALYZER_NUMBER_OBJECT_CONVERSION = YES_AGGRESSIVE;
				CLANG_CXX_LANGUAGE_STANDARD = "gnu++14";
				CLANG_CXX_LIBRARY = "libc++";
				CLANG_ENABLE_MODULES = YES;
				CLANG_ENABLE_OBJC_ARC = YES;
				CLANG_ENABLE_OBJC_WEAK = YES;
				CLANG_WARN_BLOCK_CAPTURE_AUTORELEASING = YES;
				CLANG_WARN_BOOL_CONVERSION = YES;
				CLANG_WARN_COMMA = YES;
				CLANG_WARN_CONSTANT_CONVERSION = YES;
				CLANG_WARN_DEPRECATED_OBJC_IMPLEMENTATIONS = YES;
				CLANG_WARN_DIRECT_OBJC_ISA_USAGE = YES_ERROR;
				CLANG_WARN_DOCUMENTATION_COMMENTS = YES;
				CLANG_WARN_EMPTY_BODY = YES;
				CLANG_WARN_ENUM_CONVERSION = YES;
				CLANG_WARN_INFINITE_RECURSION = YES;
				CLANG_WARN_INT_CONVERSION = YES;
				CLANG_WARN_NON_LITERAL_NULL_CONVERSION = YES;
				CLANG_WARN_OBJC_IMPLICIT_RETAIN_SELF = YES;
				CLANG_WARN_OBJC_LITERAL_CONVERSION = YES;
				CLANG_WARN_OBJC_ROOT_CLASS = YES_ERROR;
				CLANG_WARN_RANGE_LOOP_ANALYSIS = YES;
				CLANG_WARN_STRICT_PROTOTYPES = YES;
				CLANG_WARN_SUSPICIOUS_MOVE = YES;
				CLANG_WARN_UNGUARDED_AVAILABILITY = YES_AGGRESSIVE;
				CLANG_WARN_UNREACHABLE_CODE = YES;
				CLANG_WARN__DUPLICATE_METHOD_MATCH = YES;
				COPY_PHASE_STRIP = NO;
				DEBUG_INFORMATION_FORMAT = dwarf;
				ENABLE_STRICT_OBJC_MSGSEND = YES;
				ENABLE_TESTABILITY = YES;
				GCC_C_LANGUAGE_STANDARD = gnu11;
				GCC_DYNAMIC_NO_PIC = NO;
				GCC_NO_COMMON_BLOCKS = YES;
				GCC_OPTIMIZATION_LEVEL = 0;
				GCC_PREPROCESSOR_DEFINITIONS = (
					"DEBUG=1",
					"$(inherited)",
				);
				GCC_WARN_64_TO_32_BIT_CONVERSION = YES;
				GCC_WARN_ABOUT_RETURN_TYPE = YES_ERROR;
				GCC_WARN_UNDECLARED_SELECTOR = YES;
				GCC_WARN_UNINITIALIZED_AUTOS = YES_AGGRESSIVE;
				GCC_WARN_UNUSED_FUNCTION = YES;
				GCC_WARN_UNUSED_VARIABLE = YES;
				IPHONEOS_DEPLOYMENT_TARGET = 13.2;
				MTL_ENABLE_DEBUG_INFO = INCLUDE_SOURCE;
				MTL_FAST_MATH = YES;
				ONLY_ACTIVE_ARCH = YES;
				SDKROOT = iphoneos;
				SWIFT_ACTIVE_COMPILATION_CONDITIONS = DEBUG;
				SWIFT_OPTIMIZATION_LEVEL = "-Onone";
			};
			name = Debug;
		};
		39C931EC2384328B004449E1 /* Release */ = {
			isa = XCBuildConfiguration;
			buildSettings = {
				ALWAYS_SEARCH_USER_PATHS = NO;
				CLANG_ANALYZER_NONNULL = YES;
				CLANG_ANALYZER_NUMBER_OBJECT_CONVERSION = YES_AGGRESSIVE;
				CLANG_CXX_LANGUAGE_STANDARD = "gnu++14";
				CLANG_CXX_LIBRARY = "libc++";
				CLANG_ENABLE_MODULES = YES;
				CLANG_ENABLE_OBJC_ARC = YES;
				CLANG_ENABLE_OBJC_WEAK = YES;
				CLANG_WARN_BLOCK_CAPTURE_AUTORELEASING = YES;
				CLANG_WARN_BOOL_CONVERSION = YES;
				CLANG_WARN_COMMA = YES;
				CLANG_WARN_CONSTANT_CONVERSION = YES;
				CLANG_WARN_DEPRECATED_OBJC_IMPLEMENTATIONS = YES;
				CLANG_WARN_DIRECT_OBJC_ISA_USAGE = YES_ERROR;
				CLANG_WARN_DOCUMENTATION_COMMENTS = YES;
				CLANG_WARN_EMPTY_BODY = YES;
				CLANG_WARN_ENUM_CONVERSION = YES;
				CLANG_WARN_INFINITE_RECURSION = YES;
				CLANG_WARN_INT_CONVERSION = YES;
				CLANG_WARN_NON_LITERAL_NULL_CONVERSION = YES;
				CLANG_WARN_OBJC_IMPLICIT_RETAIN_SELF = YES;
				CLANG_WARN_OBJC_LITERAL_CONVERSION = YES;
				CLANG_WARN_OBJC_ROOT_CLASS = YES_ERROR;
				CLANG_WARN_RANGE_LOOP_ANALYSIS = YES;
				CLANG_WARN_STRICT_PROTOTYPES = YES;
				CLANG_WARN_SUSPICIOUS_MOVE = YES;
				CLANG_WARN_UNGUARDED_AVAILABILITY = YES_AGGRESSIVE;
				CLANG_WARN_UNREACHABLE_CODE = YES;
				CLANG_WARN__DUPLICATE_METHOD_MATCH = YES;
				COPY_PHASE_STRIP = NO;
				DEBUG_INFORMATION_FORMAT = "dwarf-with-dsym";
				ENABLE_NS_ASSERTIONS = NO;
				ENABLE_STRICT_OBJC_MSGSEND = YES;
				GCC_C_LANGUAGE_STANDARD = gnu11;
				GCC_NO_COMMON_BLOCKS = YES;
				GCC_WARN_64_TO_32_BIT_CONVERSION = YES;
				GCC_WARN_ABOUT_RETURN_TYPE = YES_ERROR;
				GCC_WARN_UNDECLARED_SELECTOR = YES;
				GCC_WARN_UNINITIALIZED_AUTOS = YES_AGGRESSIVE;
				GCC_WARN_UNUSED_FUNCTION = YES;
				GCC_WARN_UNUSED_VARIABLE = YES;
				IPHONEOS_DEPLOYMENT_TARGET = 13.2;
				MTL_ENABLE_DEBUG_INFO = NO;
				MTL_FAST_MATH = YES;
				SDKROOT = iphoneos;
				SWIFT_COMPILATION_MODE = wholemodule;
				SWIFT_OPTIMIZATION_LEVEL = "-O";
				VALIDATE_PRODUCT = YES;
			};
			name = Release;
		};
		39C931EE2384328B004449E1 /* Debug */ = {
			isa = XCBuildConfiguration;
			baseConfigurationReference = 2B2F4F3EBCAD5CCD1232E88A /* Pods-Nio.debug.xcconfig */;
			buildSettings = {
				ASSETCATALOG_COMPILER_APPICON_NAME = AppIcon;
				CODE_SIGN_STYLE = Automatic;
				DEVELOPMENT_ASSET_PATHS = "\"Nio/Preview Content\"";
				DEVELOPMENT_TEAM = HU85FER47E;
				ENABLE_PREVIEWS = YES;
				INFOPLIST_FILE = Nio/Info.plist;
				LD_RUNPATH_SEARCH_PATHS = (
					"$(inherited)",
					"@executable_path/Frameworks",
				);
				MARKETING_VERSION = 2019.1;
				PRODUCT_BUNDLE_IDENTIFIER = chat.nio.iOS;
				PRODUCT_NAME = "$(TARGET_NAME)";
				SWIFT_VERSION = 5.0;
				TARGETED_DEVICE_FAMILY = "1,2";
			};
			name = Debug;
		};
		39C931EF2384328B004449E1 /* Release */ = {
			isa = XCBuildConfiguration;
			baseConfigurationReference = 1E4E720D4D3B7FC804D870FA /* Pods-Nio.release.xcconfig */;
			buildSettings = {
				ASSETCATALOG_COMPILER_APPICON_NAME = AppIcon;
				CODE_SIGN_STYLE = Automatic;
				DEVELOPMENT_ASSET_PATHS = "\"Nio/Preview Content\"";
				DEVELOPMENT_TEAM = HU85FER47E;
				ENABLE_PREVIEWS = YES;
				INFOPLIST_FILE = Nio/Info.plist;
				LD_RUNPATH_SEARCH_PATHS = (
					"$(inherited)",
					"@executable_path/Frameworks",
				);
				MARKETING_VERSION = 2019.1;
				PRODUCT_BUNDLE_IDENTIFIER = chat.nio.iOS;
				PRODUCT_NAME = "$(TARGET_NAME)";
				SWIFT_VERSION = 5.0;
				TARGETED_DEVICE_FAMILY = "1,2";
			};
			name = Release;
		};
/* End XCBuildConfiguration section */

/* Begin XCConfigurationList section */
		39C931D423843289004449E1 /* Build configuration list for PBXProject "Nio" */ = {
			isa = XCConfigurationList;
			buildConfigurations = (
				39C931EB2384328B004449E1 /* Debug */,
				39C931EC2384328B004449E1 /* Release */,
			);
			defaultConfigurationIsVisible = 0;
			defaultConfigurationName = Release;
		};
		39C931ED2384328B004449E1 /* Build configuration list for PBXNativeTarget "Nio" */ = {
			isa = XCConfigurationList;
			buildConfigurations = (
				39C931EE2384328B004449E1 /* Debug */,
				39C931EF2384328B004449E1 /* Release */,
			);
			defaultConfigurationIsVisible = 0;
			defaultConfigurationName = Release;
		};
/* End XCConfigurationList section */

/* Begin XCRemoteSwiftPackageReference section */
		3970DC922385A8BE00EFE31B /* XCRemoteSwiftPackageReference "KeyboardObserving" */ = {
			isa = XCRemoteSwiftPackageReference;
			repositoryURL = "https://github.com/nickffox/KeyboardObserving.git";
			requirement = {
				kind = upToNextMajorVersion;
				minimumVersion = 0.2.1;
			};
		};
		39C931FF23847F8F004449E1 /* XCRemoteSwiftPackageReference "keychain-item" */ = {
			isa = XCRemoteSwiftPackageReference;
			repositoryURL = "https://github.com/objcio/keychain-item";
			requirement = {
				kind = upToNextMajorVersion;
				minimumVersion = 0.1.0;
			};
		};
/* End XCRemoteSwiftPackageReference section */

/* Begin XCSwiftPackageProductDependency section */
		3970DC932385A8BE00EFE31B /* KeyboardObserving */ = {
			isa = XCSwiftPackageProductDependency;
			package = 3970DC922385A8BE00EFE31B /* XCRemoteSwiftPackageReference "KeyboardObserving" */;
			productName = KeyboardObserving;
		};
		39C9320023847F8F004449E1 /* KeychainItem */ = {
			isa = XCSwiftPackageProductDependency;
			package = 39C931FF23847F8F004449E1 /* XCRemoteSwiftPackageReference "keychain-item" */;
			productName = KeychainItem;
		};
/* End XCSwiftPackageProductDependency section */
	};
	rootObject = 39C931D123843289004449E1 /* Project object */;
}
