// !$*UTF8*$!
{
	archiveVersion = 1;
	classes = {
	};
	objectVersion = 55;
	objects = {

/* Begin PBXBuildFile section */
		9566F6DF27E8E2A7005568CE /* nioApp.swift in Sources */ = {isa = PBXBuildFile; fileRef = 9566F6DE27E8E2A7005568CE /* nioApp.swift */; };
		9566F6E127E8E2A7005568CE /* ContentView.swift in Sources */ = {isa = PBXBuildFile; fileRef = 9566F6E027E8E2A7005568CE /* ContentView.swift */; };
		9566F6E327E8E2AA005568CE /* Assets.xcassets in Resources */ = {isa = PBXBuildFile; fileRef = 9566F6E227E8E2AA005568CE /* Assets.xcassets */; };
		9566F6E627E8E2AA005568CE /* Preview Assets.xcassets in Resources */ = {isa = PBXBuildFile; fileRef = 9566F6E527E8E2AA005568CE /* Preview Assets.xcassets */; };
		9566F6F027E8E2AA005568CE /* nioTests.swift in Sources */ = {isa = PBXBuildFile; fileRef = 9566F6EF27E8E2AA005568CE /* nioTests.swift */; };
		9566F6FA27E8E2AA005568CE /* nioUITests.swift in Sources */ = {isa = PBXBuildFile; fileRef = 9566F6F927E8E2AA005568CE /* nioUITests.swift */; };
		9566F6FC27E8E2AA005568CE /* nioUITestsLaunchTests.swift in Sources */ = {isa = PBXBuildFile; fileRef = 9566F6FB27E8E2AA005568CE /* nioUITestsLaunchTests.swift */; };
/* End PBXBuildFile section */

/* Begin PBXContainerItemProxy section */
		9566F6EC27E8E2AA005568CE /* PBXContainerItemProxy */ = {
			isa = PBXContainerItemProxy;
			containerPortal = 9566F6D327E8E2A7005568CE /* Project object */;
			proxyType = 1;
			remoteGlobalIDString = 9566F6DA27E8E2A7005568CE;
			remoteInfo = nio;
		};
		9566F6F627E8E2AA005568CE /* PBXContainerItemProxy */ = {
			isa = PBXContainerItemProxy;
			containerPortal = 9566F6D327E8E2A7005568CE /* Project object */;
			proxyType = 1;
			remoteGlobalIDString = 9566F6DA27E8E2A7005568CE;
			remoteInfo = nio;
		};
/* End PBXContainerItemProxy section */

/* Begin PBXFileReference section */
		9566F6DB27E8E2A7005568CE /* nio.app */ = {isa = PBXFileReference; explicitFileType = wrapper.application; includeInIndex = 0; path = nio.app; sourceTree = BUILT_PRODUCTS_DIR; };
		9566F6DE27E8E2A7005568CE /* nioApp.swift */ = {isa = PBXFileReference; lastKnownFileType = sourcecode.swift; path = nioApp.swift; sourceTree = "<group>"; };
		9566F6E027E8E2A7005568CE /* ContentView.swift */ = {isa = PBXFileReference; lastKnownFileType = sourcecode.swift; path = ContentView.swift; sourceTree = "<group>"; };
		9566F6E227E8E2AA005568CE /* Assets.xcassets */ = {isa = PBXFileReference; lastKnownFileType = folder.assetcatalog; path = Assets.xcassets; sourceTree = "<group>"; };
		9566F6E527E8E2AA005568CE /* Preview Assets.xcassets */ = {isa = PBXFileReference; lastKnownFileType = folder.assetcatalog; path = "Preview Assets.xcassets"; sourceTree = "<group>"; };
		9566F6EB27E8E2AA005568CE /* nioTests.xctest */ = {isa = PBXFileReference; explicitFileType = wrapper.cfbundle; includeInIndex = 0; path = nioTests.xctest; sourceTree = BUILT_PRODUCTS_DIR; };
		9566F6EF27E8E2AA005568CE /* nioTests.swift */ = {isa = PBXFileReference; lastKnownFileType = sourcecode.swift; path = nioTests.swift; sourceTree = "<group>"; };
		9566F6F527E8E2AA005568CE /* nioUITests.xctest */ = {isa = PBXFileReference; explicitFileType = wrapper.cfbundle; includeInIndex = 0; path = nioUITests.xctest; sourceTree = BUILT_PRODUCTS_DIR; };
		9566F6F927E8E2AA005568CE /* nioUITests.swift */ = {isa = PBXFileReference; lastKnownFileType = sourcecode.swift; path = nioUITests.swift; sourceTree = "<group>"; };
		9566F6FB27E8E2AA005568CE /* nioUITestsLaunchTests.swift */ = {isa = PBXFileReference; lastKnownFileType = sourcecode.swift; path = nioUITestsLaunchTests.swift; sourceTree = "<group>"; };
/* End PBXFileReference section */

/* Begin PBXFrameworksBuildPhase section */
		9566F6D827E8E2A7005568CE /* Frameworks */ = {
			isa = PBXFrameworksBuildPhase;
			buildActionMask = 2147483647;
			files = (
			);
			runOnlyForDeploymentPostprocessing = 0;
		};
		9566F6E827E8E2AA005568CE /* Frameworks */ = {
			isa = PBXFrameworksBuildPhase;
			buildActionMask = 2147483647;
			files = (
			);
			runOnlyForDeploymentPostprocessing = 0;
		};
		9566F6F227E8E2AA005568CE /* Frameworks */ = {
			isa = PBXFrameworksBuildPhase;
			buildActionMask = 2147483647;
			files = (
			);
			runOnlyForDeploymentPostprocessing = 0;
		};
/* End PBXFrameworksBuildPhase section */

/* Begin PBXGroup section */
		9566F6D227E8E2A7005568CE = {
			isa = PBXGroup;
			children = (
				9566F6DD27E8E2A7005568CE /* nio */,
				9566F6EE27E8E2AA005568CE /* nioTests */,
				9566F6F827E8E2AA005568CE /* nioUITests */,
				9566F6DC27E8E2A7005568CE /* Products */,
			);
			sourceTree = "<group>";
		};
		9566F6DC27E8E2A7005568CE /* Products */ = {
			isa = PBXGroup;
			children = (
				9566F6DB27E8E2A7005568CE /* nio.app */,
				9566F6EB27E8E2AA005568CE /* nioTests.xctest */,
				9566F6F527E8E2AA005568CE /* nioUITests.xctest */,
			);
			name = Products;
			sourceTree = "<group>";
		};
		9566F6DD27E8E2A7005568CE /* nio */ = {
			isa = PBXGroup;
			children = (
				9566F6DE27E8E2A7005568CE /* nioApp.swift */,
				9566F6E027E8E2A7005568CE /* ContentView.swift */,
				9566F6E227E8E2AA005568CE /* Assets.xcassets */,
				9566F6E427E8E2AA005568CE /* Preview Content */,
			);
			path = nio;
			sourceTree = "<group>";
		};
		9566F6E427E8E2AA005568CE /* Preview Content */ = {
			isa = PBXGroup;
			children = (
				9566F6E527E8E2AA005568CE /* Preview Assets.xcassets */,
			);
			path = "Preview Content";
			sourceTree = "<group>";
		};
		9566F6EE27E8E2AA005568CE /* nioTests */ = {
			isa = PBXGroup;
			children = (
				9566F6EF27E8E2AA005568CE /* nioTests.swift */,
			);
			path = nioTests;
			sourceTree = "<group>";
		};
		9566F6F827E8E2AA005568CE /* nioUITests */ = {
			isa = PBXGroup;
			children = (
				9566F6F927E8E2AA005568CE /* nioUITests.swift */,
				9566F6FB27E8E2AA005568CE /* nioUITestsLaunchTests.swift */,
			);
			path = nioUITests;
			sourceTree = "<group>";
		};
/* End PBXGroup section */

/* Begin PBXNativeTarget section */
		9566F6DA27E8E2A7005568CE /* nio */ = {
			isa = PBXNativeTarget;
			buildConfigurationList = 9566F6FF27E8E2AA005568CE /* Build configuration list for PBXNativeTarget "nio" */;
			buildPhases = (
				9566F6D727E8E2A7005568CE /* Sources */,
				9566F6D827E8E2A7005568CE /* Frameworks */,
				9566F6D927E8E2A7005568CE /* Resources */,
			);
			buildRules = (
			);
			dependencies = (
			);
			name = nio;
			productName = nio;
			productReference = 9566F6DB27E8E2A7005568CE /* nio.app */;
			productType = "com.apple.product-type.application";
		};
		9566F6EA27E8E2AA005568CE /* nioTests */ = {
			isa = PBXNativeTarget;
			buildConfigurationList = 9566F70227E8E2AA005568CE /* Build configuration list for PBXNativeTarget "nioTests" */;
			buildPhases = (
				9566F6E727E8E2AA005568CE /* Sources */,
				9566F6E827E8E2AA005568CE /* Frameworks */,
				9566F6E927E8E2AA005568CE /* Resources */,
			);
			buildRules = (
			);
			dependencies = (
				9566F6ED27E8E2AA005568CE /* PBXTargetDependency */,
			);
			name = nioTests;
			productName = nioTests;
			productReference = 9566F6EB27E8E2AA005568CE /* nioTests.xctest */;
			productType = "com.apple.product-type.bundle.unit-test";
		};
		9566F6F427E8E2AA005568CE /* nioUITests */ = {
			isa = PBXNativeTarget;
			buildConfigurationList = 9566F70527E8E2AA005568CE /* Build configuration list for PBXNativeTarget "nioUITests" */;
			buildPhases = (
				9566F6F127E8E2AA005568CE /* Sources */,
				9566F6F227E8E2AA005568CE /* Frameworks */,
				9566F6F327E8E2AA005568CE /* Resources */,
			);
			buildRules = (
			);
			dependencies = (
				9566F6F727E8E2AA005568CE /* PBXTargetDependency */,
			);
			name = nioUITests;
			productName = nioUITests;
			productReference = 9566F6F527E8E2AA005568CE /* nioUITests.xctest */;
			productType = "com.apple.product-type.bundle.ui-testing";
		};
/* End PBXNativeTarget section */

/* Begin PBXProject section */
		9566F6D327E8E2A7005568CE /* Project object */ = {
			isa = PBXProject;
			attributes = {
				BuildIndependentTargetsInParallel = 1;
				LastSwiftUpdateCheck = 1330;
				LastUpgradeCheck = 1330;
				TargetAttributes = {
					9566F6DA27E8E2A7005568CE = {
						CreatedOnToolsVersion = 13.3;
					};
					9566F6EA27E8E2AA005568CE = {
						CreatedOnToolsVersion = 13.3;
						TestTargetID = 9566F6DA27E8E2A7005568CE;
					};
					9566F6F427E8E2AA005568CE = {
						CreatedOnToolsVersion = 13.3;
						TestTargetID = 9566F6DA27E8E2A7005568CE;
					};
				};
			};
			buildConfigurationList = 9566F6D627E8E2A7005568CE /* Build configuration list for PBXProject "nio" */;
			compatibilityVersion = "Xcode 13.0";
			developmentRegion = en;
			hasScannedForEncodings = 0;
			knownRegions = (
				en,
				Base,
			);
			mainGroup = 9566F6D227E8E2A7005568CE;
			productRefGroup = 9566F6DC27E8E2A7005568CE /* Products */;
			projectDirPath = "";
			projectRoot = "";
			targets = (
				9566F6DA27E8E2A7005568CE /* nio */,
				9566F6EA27E8E2AA005568CE /* nioTests */,
				9566F6F427E8E2AA005568CE /* nioUITests */,
			);
		};
/* End PBXProject section */

/* Begin PBXResourcesBuildPhase section */
		9566F6D927E8E2A7005568CE /* Resources */ = {
			isa = PBXResourcesBuildPhase;
			buildActionMask = 2147483647;
			files = (
				9566F6E627E8E2AA005568CE /* Preview Assets.xcassets in Resources */,
				9566F6E327E8E2AA005568CE /* Assets.xcassets in Resources */,
			);
			runOnlyForDeploymentPostprocessing = 0;
		};
		9566F6E927E8E2AA005568CE /* Resources */ = {
			isa = PBXResourcesBuildPhase;
			buildActionMask = 2147483647;
			files = (
			);
			runOnlyForDeploymentPostprocessing = 0;
		};
		9566F6F327E8E2AA005568CE /* Resources */ = {
			isa = PBXResourcesBuildPhase;
			buildActionMask = 2147483647;
			files = (
			);
			runOnlyForDeploymentPostprocessing = 0;
		};
/* End PBXResourcesBuildPhase section */

/* Begin PBXSourcesBuildPhase section */
		9566F6D727E8E2A7005568CE /* Sources */ = {
			isa = PBXSourcesBuildPhase;
			buildActionMask = 2147483647;
			files = (
				9566F6E127E8E2A7005568CE /* ContentView.swift in Sources */,
				9566F6DF27E8E2A7005568CE /* nioApp.swift in Sources */,
			);
			runOnlyForDeploymentPostprocessing = 0;
		};
		9566F6E727E8E2AA005568CE /* Sources */ = {
			isa = PBXSourcesBuildPhase;
			buildActionMask = 2147483647;
			files = (
				9566F6F027E8E2AA005568CE /* nioTests.swift in Sources */,
			);
			runOnlyForDeploymentPostprocessing = 0;
		};
		9566F6F127E8E2AA005568CE /* Sources */ = {
			isa = PBXSourcesBuildPhase;
			buildActionMask = 2147483647;
			files = (
				9566F6FA27E8E2AA005568CE /* nioUITests.swift in Sources */,
				9566F6FC27E8E2AA005568CE /* nioUITestsLaunchTests.swift in Sources */,
			);
			runOnlyForDeploymentPostprocessing = 0;
		};
/* End PBXSourcesBuildPhase section */

/* Begin PBXTargetDependency section */
		9566F6ED27E8E2AA005568CE /* PBXTargetDependency */ = {
			isa = PBXTargetDependency;
			target = 9566F6DA27E8E2A7005568CE /* nio */;
			targetProxy = 9566F6EC27E8E2AA005568CE /* PBXContainerItemProxy */;
		};
		9566F6F727E8E2AA005568CE /* PBXTargetDependency */ = {
			isa = PBXTargetDependency;
			target = 9566F6DA27E8E2A7005568CE /* nio */;
			targetProxy = 9566F6F627E8E2AA005568CE /* PBXContainerItemProxy */;
		};
/* End PBXTargetDependency section */

/* Begin XCBuildConfiguration section */
		9566F6FD27E8E2AA005568CE /* Debug */ = {
			isa = XCBuildConfiguration;
			buildSettings = {
				ALWAYS_SEARCH_USER_PATHS = NO;
				CLANG_ANALYZER_NONNULL = YES;
				CLANG_ANALYZER_NUMBER_OBJECT_CONVERSION = YES_AGGRESSIVE;
				CLANG_CXX_LANGUAGE_STANDARD = "gnu++17";
				CLANG_ENABLE_MODULES = YES;
				CLANG_ENABLE_OBJC_ARC = YES;
				CLANG_ENABLE_OBJC_WEAK = YES;
				CLANG_WARN_BLOCK_CAPTURE_AUTORELEASING = YES;
				CLANG_WARN_BOOL_CONVERSION = YES;
				CLANG_WARN_COMMA = YES;
				CLANG_WARN_CONSTANT_CONVERSION = YES;
				CLANG_WARN_DEPRECATED_OBJC_IMPLEMENTATIONS = YES;
				CLANG_WARN_DIRECT_OBJC_ISA_USAGE = YES_ERROR;
				CLANG_WARN_DOCUMENTATION_COMMENTS = YES;
				CLANG_WARN_EMPTY_BODY = YES;
				CLANG_WARN_ENUM_CONVERSION = YES;
				CLANG_WARN_INFINITE_RECURSION = YES;
				CLANG_WARN_INT_CONVERSION = YES;
				CLANG_WARN_NON_LITERAL_NULL_CONVERSION = YES;
				CLANG_WARN_OBJC_IMPLICIT_RETAIN_SELF = YES;
				CLANG_WARN_OBJC_LITERAL_CONVERSION = YES;
				CLANG_WARN_OBJC_ROOT_CLASS = YES_ERROR;
				CLANG_WARN_QUOTED_INCLUDE_IN_FRAMEWORK_HEADER = YES;
				CLANG_WARN_RANGE_LOOP_ANALYSIS = YES;
				CLANG_WARN_STRICT_PROTOTYPES = YES;
				CLANG_WARN_SUSPICIOUS_MOVE = YES;
				CLANG_WARN_UNGUARDED_AVAILABILITY = YES_AGGRESSIVE;
				CLANG_WARN_UNREACHABLE_CODE = YES;
				CLANG_WARN__DUPLICATE_METHOD_MATCH = YES;
				COPY_PHASE_STRIP = NO;
				DEBUG_INFORMATION_FORMAT = dwarf;
				ENABLE_STRICT_OBJC_MSGSEND = YES;
				ENABLE_TESTABILITY = YES;
				GCC_C_LANGUAGE_STANDARD = gnu11;
				GCC_DYNAMIC_NO_PIC = NO;
				GCC_NO_COMMON_BLOCKS = YES;
				GCC_OPTIMIZATION_LEVEL = 0;
				GCC_PREPROCESSOR_DEFINITIONS = (
					"DEBUG=1",
					"$(inherited)",
				);
				GCC_WARN_64_TO_32_BIT_CONVERSION = YES;
				GCC_WARN_ABOUT_RETURN_TYPE = YES_ERROR;
				GCC_WARN_UNDECLARED_SELECTOR = YES;
				GCC_WARN_UNINITIALIZED_AUTOS = YES_AGGRESSIVE;
				GCC_WARN_UNUSED_FUNCTION = YES;
				GCC_WARN_UNUSED_VARIABLE = YES;
				IPHONEOS_DEPLOYMENT_TARGET = 15.4;
				MTL_ENABLE_DEBUG_INFO = INCLUDE_SOURCE;
				MTL_FAST_MATH = YES;
				ONLY_ACTIVE_ARCH = YES;
				SDKROOT = iphoneos;
				SWIFT_ACTIVE_COMPILATION_CONDITIONS = DEBUG;
				SWIFT_OPTIMIZATION_LEVEL = "-Onone";
			};
			name = Debug;
		};
		9566F6FE27E8E2AA005568CE /* Release */ = {
			isa = XCBuildConfiguration;
			buildSettings = {
				ALWAYS_SEARCH_USER_PATHS = NO;
				CLANG_ANALYZER_NONNULL = YES;
				CLANG_ANALYZER_NUMBER_OBJECT_CONVERSION = YES_AGGRESSIVE;
				CLANG_CXX_LANGUAGE_STANDARD = "gnu++17";
				CLANG_ENABLE_MODULES = YES;
				CLANG_ENABLE_OBJC_ARC = YES;
				CLANG_ENABLE_OBJC_WEAK = YES;
				CLANG_WARN_BLOCK_CAPTURE_AUTORELEASING = YES;
				CLANG_WARN_BOOL_CONVERSION = YES;
				CLANG_WARN_COMMA = YES;
				CLANG_WARN_CONSTANT_CONVERSION = YES;
				CLANG_WARN_DEPRECATED_OBJC_IMPLEMENTATIONS = YES;
				CLANG_WARN_DIRECT_OBJC_ISA_USAGE = YES_ERROR;
				CLANG_WARN_DOCUMENTATION_COMMENTS = YES;
				CLANG_WARN_EMPTY_BODY = YES;
				CLANG_WARN_ENUM_CONVERSION = YES;
				CLANG_WARN_INFINITE_RECURSION = YES;
				CLANG_WARN_INT_CONVERSION = YES;
				CLANG_WARN_NON_LITERAL_NULL_CONVERSION = YES;
				CLANG_WARN_OBJC_IMPLICIT_RETAIN_SELF = YES;
				CLANG_WARN_OBJC_LITERAL_CONVERSION = YES;
				CLANG_WARN_OBJC_ROOT_CLASS = YES_ERROR;
				CLANG_WARN_QUOTED_INCLUDE_IN_FRAMEWORK_HEADER = YES;
				CLANG_WARN_RANGE_LOOP_ANALYSIS = YES;
				CLANG_WARN_STRICT_PROTOTYPES = YES;
				CLANG_WARN_SUSPICIOUS_MOVE = YES;
				CLANG_WARN_UNGUARDED_AVAILABILITY = YES_AGGRESSIVE;
				CLANG_WARN_UNREACHABLE_CODE = YES;
				CLANG_WARN__DUPLICATE_METHOD_MATCH = YES;
				COPY_PHASE_STRIP = NO;
				DEBUG_INFORMATION_FORMAT = "dwarf-with-dsym";
				ENABLE_NS_ASSERTIONS = NO;
				ENABLE_STRICT_OBJC_MSGSEND = YES;
				GCC_C_LANGUAGE_STANDARD = gnu11;
				GCC_NO_COMMON_BLOCKS = YES;
				GCC_WARN_64_TO_32_BIT_CONVERSION = YES;
				GCC_WARN_ABOUT_RETURN_TYPE = YES_ERROR;
				GCC_WARN_UNDECLARED_SELECTOR = YES;
				GCC_WARN_UNINITIALIZED_AUTOS = YES_AGGRESSIVE;
				GCC_WARN_UNUSED_FUNCTION = YES;
				GCC_WARN_UNUSED_VARIABLE = YES;
				IPHONEOS_DEPLOYMENT_TARGET = 15.4;
				MTL_ENABLE_DEBUG_INFO = NO;
				MTL_FAST_MATH = YES;
				SDKROOT = iphoneos;
				SWIFT_COMPILATION_MODE = wholemodule;
				SWIFT_OPTIMIZATION_LEVEL = "-O";
				VALIDATE_PRODUCT = YES;
			};
			name = Release;
		};
		9566F70027E8E2AA005568CE /* Debug */ = {
			isa = XCBuildConfiguration;
			buildSettings = {
				ASSETCATALOG_COMPILER_APPICON_NAME = AppIcon;
				ASSETCATALOG_COMPILER_GLOBAL_ACCENT_COLOR_NAME = AccentColor;
				CODE_SIGN_STYLE = Automatic;
				CURRENT_PROJECT_VERSION = 1;
				DEVELOPMENT_ASSET_PATHS = "\"nio/Preview Content\"";
				DEVELOPMENT_TEAM = T58RJ7QENS;
				ENABLE_PREVIEWS = YES;
				GENERATE_INFOPLIST_FILE = YES;
				INFOPLIST_KEY_UIApplicationSceneManifest_Generation = YES;
				INFOPLIST_KEY_UIApplicationSupportsIndirectInputEvents = YES;
				INFOPLIST_KEY_UILaunchScreen_Generation = YES;
				INFOPLIST_KEY_UISupportedInterfaceOrientations_iPad = "UIInterfaceOrientationPortrait UIInterfaceOrientationPortraitUpsideDown UIInterfaceOrientationLandscapeLeft UIInterfaceOrientationLandscapeRight";
				INFOPLIST_KEY_UISupportedInterfaceOrientations_iPhone = "UIInterfaceOrientationPortrait UIInterfaceOrientationLandscapeLeft UIInterfaceOrientationLandscapeRight";
				LD_RUNPATH_SEARCH_PATHS = (
					"$(inherited)",
					"@executable_path/Frameworks",
				);
				MARKETING_VERSION = 1.0;
				PRODUCT_BUNDLE_IDENTIFIER = chat.nio;
				PRODUCT_NAME = "$(TARGET_NAME)";
				SWIFT_EMIT_LOC_STRINGS = YES;
				SWIFT_VERSION = 5.0;
				TARGETED_DEVICE_FAMILY = "1,2";
			};
			name = Debug;
		};
		9566F70127E8E2AA005568CE /* Release */ = {
			isa = XCBuildConfiguration;
			buildSettings = {
				ASSETCATALOG_COMPILER_APPICON_NAME = AppIcon;
				ASSETCATALOG_COMPILER_GLOBAL_ACCENT_COLOR_NAME = AccentColor;
				CODE_SIGN_STYLE = Automatic;
				CURRENT_PROJECT_VERSION = 1;
				DEVELOPMENT_ASSET_PATHS = "\"nio/Preview Content\"";
				DEVELOPMENT_TEAM = T58RJ7QENS;
				ENABLE_PREVIEWS = YES;
				GENERATE_INFOPLIST_FILE = YES;
				INFOPLIST_KEY_UIApplicationSceneManifest_Generation = YES;
				INFOPLIST_KEY_UIApplicationSupportsIndirectInputEvents = YES;
				INFOPLIST_KEY_UILaunchScreen_Generation = YES;
				INFOPLIST_KEY_UISupportedInterfaceOrientations_iPad = "UIInterfaceOrientationPortrait UIInterfaceOrientationPortraitUpsideDown UIInterfaceOrientationLandscapeLeft UIInterfaceOrientationLandscapeRight";
				INFOPLIST_KEY_UISupportedInterfaceOrientations_iPhone = "UIInterfaceOrientationPortrait UIInterfaceOrientationLandscapeLeft UIInterfaceOrientationLandscapeRight";
				LD_RUNPATH_SEARCH_PATHS = (
					"$(inherited)",
					"@executable_path/Frameworks",
				);
				MARKETING_VERSION = 1.0;
				PRODUCT_BUNDLE_IDENTIFIER = chat.nio;
				PRODUCT_NAME = "$(TARGET_NAME)";
				SWIFT_EMIT_LOC_STRINGS = YES;
				SWIFT_VERSION = 5.0;
				TARGETED_DEVICE_FAMILY = "1,2";
			};
			name = Release;
		};
		9566F70327E8E2AA005568CE /* Debug */ = {
			isa = XCBuildConfiguration;
			buildSettings = {
				ALWAYS_EMBED_SWIFT_STANDARD_LIBRARIES = YES;
				BUNDLE_LOADER = "$(TEST_HOST)";
				CODE_SIGN_STYLE = Automatic;
				CURRENT_PROJECT_VERSION = 1;
				DEVELOPMENT_TEAM = T58RJ7QENS;
				GENERATE_INFOPLIST_FILE = YES;
				IPHONEOS_DEPLOYMENT_TARGET = 15.4;
				MARKETING_VERSION = 1.0;
				PRODUCT_BUNDLE_IDENTIFIER = chat.nioTests;
				PRODUCT_NAME = "$(TARGET_NAME)";
				SWIFT_EMIT_LOC_STRINGS = NO;
				SWIFT_VERSION = 5.0;
				TARGETED_DEVICE_FAMILY = "1,2";
				TEST_HOST = "$(BUILT_PRODUCTS_DIR)/nio.app/nio";
			};
			name = Debug;
		};
		9566F70427E8E2AA005568CE /* Release */ = {
			isa = XCBuildConfiguration;
			buildSettings = {
				ALWAYS_EMBED_SWIFT_STANDARD_LIBRARIES = YES;
				BUNDLE_LOADER = "$(TEST_HOST)";
				CODE_SIGN_STYLE = Automatic;
				CURRENT_PROJECT_VERSION = 1;
				DEVELOPMENT_TEAM = T58RJ7QENS;
				GENERATE_INFOPLIST_FILE = YES;
				IPHONEOS_DEPLOYMENT_TARGET = 15.4;
				MARKETING_VERSION = 1.0;
				PRODUCT_BUNDLE_IDENTIFIER = chat.nioTests;
				PRODUCT_NAME = "$(TARGET_NAME)";
				SWIFT_EMIT_LOC_STRINGS = NO;
				SWIFT_VERSION = 5.0;
				TARGETED_DEVICE_FAMILY = "1,2";
				TEST_HOST = "$(BUILT_PRODUCTS_DIR)/nio.app/nio";
			};
			name = Release;
		};
		9566F70627E8E2AA005568CE /* Debug */ = {
			isa = XCBuildConfiguration;
			buildSettings = {
				ALWAYS_EMBED_SWIFT_STANDARD_LIBRARIES = YES;
				CODE_SIGN_STYLE = Automatic;
				CURRENT_PROJECT_VERSION = 1;
				DEVELOPMENT_TEAM = T58RJ7QENS;
				GENERATE_INFOPLIST_FILE = YES;
				MARKETING_VERSION = 1.0;
				PRODUCT_BUNDLE_IDENTIFIER = chat.nioUITests;
				PRODUCT_NAME = "$(TARGET_NAME)";
				SWIFT_EMIT_LOC_STRINGS = NO;
				SWIFT_VERSION = 5.0;
				TARGETED_DEVICE_FAMILY = "1,2";
				TEST_TARGET_NAME = nio;
			};
			name = Debug;
		};
		9566F70727E8E2AA005568CE /* Release */ = {
			isa = XCBuildConfiguration;
			buildSettings = {
				ALWAYS_EMBED_SWIFT_STANDARD_LIBRARIES = YES;
				CODE_SIGN_STYLE = Automatic;
				CURRENT_PROJECT_VERSION = 1;
				DEVELOPMENT_TEAM = T58RJ7QENS;
				GENERATE_INFOPLIST_FILE = YES;
				MARKETING_VERSION = 1.0;
				PRODUCT_BUNDLE_IDENTIFIER = chat.nioUITests;
				PRODUCT_NAME = "$(TARGET_NAME)";
				SWIFT_EMIT_LOC_STRINGS = NO;
				SWIFT_VERSION = 5.0;
				TARGETED_DEVICE_FAMILY = "1,2";
				TEST_TARGET_NAME = nio;
			};
			name = Release;
		};
/* End XCBuildConfiguration section */

/* Begin XCConfigurationList section */
		9566F6D627E8E2A7005568CE /* Build configuration list for PBXProject "nio" */ = {
			isa = XCConfigurationList;
			buildConfigurations = (
				9566F6FD27E8E2AA005568CE /* Debug */,
				9566F6FE27E8E2AA005568CE /* Release */,
			);
			defaultConfigurationIsVisible = 0;
			defaultConfigurationName = Release;
		};
		9566F6FF27E8E2AA005568CE /* Build configuration list for PBXNativeTarget "nio" */ = {
			isa = XCConfigurationList;
			buildConfigurations = (
				9566F70027E8E2AA005568CE /* Debug */,
				9566F70127E8E2AA005568CE /* Release */,
			);
			defaultConfigurationIsVisible = 0;
			defaultConfigurationName = Release;
		};
		9566F70227E8E2AA005568CE /* Build configuration list for PBXNativeTarget "nioTests" */ = {
			isa = XCConfigurationList;
			buildConfigurations = (
				9566F70327E8E2AA005568CE /* Debug */,
				9566F70427E8E2AA005568CE /* Release */,
			);
			defaultConfigurationIsVisible = 0;
			defaultConfigurationName = Release;
		};
		9566F70527E8E2AA005568CE /* Build configuration list for PBXNativeTarget "nioUITests" */ = {
			isa = XCConfigurationList;
			buildConfigurations = (
				9566F70627E8E2AA005568CE /* Debug */,
				9566F70727E8E2AA005568CE /* Release */,
			);
			defaultConfigurationIsVisible = 0;
			defaultConfigurationName = Release;
		};
/* End XCConfigurationList section */
	};
	rootObject = 9566F6D327E8E2A7005568CE /* Project object */;
}
