// !$*UTF8*$!
{
	archiveVersion = 1;
	classes = {
	};
	objectVersion = 52;
	objects = {

/* Begin PBXBuildFile section */
		3902B89C2393FE6100698B87 /* MessageView.swift in Sources */ = {isa = PBXBuildFile; fileRef = 3902B89B2393FE6100698B87 /* MessageView.swift */; };
		3902B89E2393FE8200698B87 /* GenericEventView.swift in Sources */ = {isa = PBXBuildFile; fileRef = 3902B89D2393FE8200698B87 /* GenericEventView.swift */; };
		3902B8A0239410EE00698B87 /* ContentSizeCategory.swift in Sources */ = {isa = PBXBuildFile; fileRef = 3902B89F239410EE00698B87 /* ContentSizeCategory.swift */; };
		3902B8A32395935600698B87 /* SettingsView.swift in Sources */ = {isa = PBXBuildFile; fileRef = 3902B8A22395935600698B87 /* SettingsView.swift */; };
		3902B8A52395A77800698B87 /* LoadingView.swift in Sources */ = {isa = PBXBuildFile; fileRef = 3902B8A42395A77800698B87 /* LoadingView.swift */; };
		3922219624366989004D8794 /* EventContextMenu.swift in Sources */ = {isa = PBXBuildFile; fileRef = 3922219524366989004D8794 /* EventContextMenu.swift */; };
		39222199243689D6004D8794 /* ReactionEvent.swift in Sources */ = {isa = PBXBuildFile; fileRef = 39222198243689D6004D8794 /* ReactionEvent.swift */; };
		3922219D24368B25004D8794 /* CustomEvent.swift in Sources */ = {isa = PBXBuildFile; fileRef = 3922219C24368B25004D8794 /* CustomEvent.swift */; };
		392221A02437285B004D8794 /* ReactionPicker.swift in Sources */ = {isa = PBXBuildFile; fileRef = 3922219F2437285B004D8794 /* ReactionPicker.swift */; };
		392221AA2438083C004D8794 /* RedactionView.swift in Sources */ = {isa = PBXBuildFile; fileRef = 392221A92438083C004D8794 /* RedactionView.swift */; };
		392389892386FD3900B2E1DF /* MXClient+Publisher.swift in Sources */ = {isa = PBXBuildFile; fileRef = 392389882386FD3900B2E1DF /* MXClient+Publisher.swift */; };
		3923898D238859D100B2E1DF /* MX+Identifiable.swift in Sources */ = {isa = PBXBuildFile; fileRef = 3923898C238859D100B2E1DF /* MX+Identifiable.swift */; };
		3923898F2388707E00B2E1DF /* RoomListItemView.swift in Sources */ = {isa = PBXBuildFile; fileRef = 3923898E2388707E00B2E1DF /* RoomListItemView.swift */; };
		392389942388899200B2E1DF /* Formatter.swift in Sources */ = {isa = PBXBuildFile; fileRef = 392389932388899200B2E1DF /* Formatter.swift */; };
		392389982388998F00B2E1DF /* ActivityIndicator.swift in Sources */ = {isa = PBXBuildFile; fileRef = 392389972388998F00B2E1DF /* ActivityIndicator.swift */; };
		3923899F238ABA5700B2E1DF /* KeychainAccess in Frameworks */ = {isa = PBXBuildFile; productRef = 3923899E238ABA5700B2E1DF /* KeychainAccess */; };
		392389CC238EBB1500B2E1DF /* ReverseList.swift in Sources */ = {isa = PBXBuildFile; fileRef = 392389CB238EBB1400B2E1DF /* ReverseList.swift */; };
		392389D2238F2E6F00B2E1DF /* NIORoom.swift in Sources */ = {isa = PBXBuildFile; fileRef = 392389D1238F2E6F00B2E1DF /* NIORoom.swift */; };
		392389D6238F3EB200B2E1DF /* NIORoomSummary.swift in Sources */ = {isa = PBXBuildFile; fileRef = 392389D5238F3EB200B2E1DF /* NIORoomSummary.swift */; };
		393411C723903C94003B49B8 /* EventCollection.swift in Sources */ = {isa = PBXBuildFile; fileRef = 393411C623903C94003B49B8 /* EventCollection.swift */; };
		393411C923904428003B49B8 /* MXEvent.swift in Sources */ = {isa = PBXBuildFile; fileRef = 393411C823904428003B49B8 /* MXEvent.swift */; };
		393411D1239087D2003B49B8 /* EventCollectionTests.swift in Sources */ = {isa = PBXBuildFile; fileRef = 393411D0239087D2003B49B8 /* EventCollectionTests.swift */; };
		3970DC942385A8BE00EFE31B /* KeyboardObserving in Frameworks */ = {isa = PBXBuildFile; productRef = 3970DC932385A8BE00EFE31B /* KeyboardObserving */; };
		3984654523B7ECBA006C173B /* MXURL.swift in Sources */ = {isa = PBXBuildFile; fileRef = 3984654423B7ECBA006C173B /* MXURL.swift */; };
		3984654823B8D809006C173B /* SDWebImageSwiftUI in Frameworks */ = {isa = PBXBuildFile; productRef = 3984654723B8D809006C173B /* SDWebImageSwiftUI */; };
		39BA0721240B1A2600FD28C6 /* AccountStore.swift in Sources */ = {isa = PBXBuildFile; fileRef = 39BA0720240B1A2600FD28C6 /* AccountStore.swift */; };
		39BA0723240B3C9A00FD28C6 /* MXCredentials+Keychain.swift in Sources */ = {isa = PBXBuildFile; fileRef = 39BA0722240B3C9A00FD28C6 /* MXCredentials+Keychain.swift */; };
		39BA0725240B4E8D00FD28C6 /* AppSettings.swift in Sources */ = {isa = PBXBuildFile; fileRef = 39BA0724240B4E8D00FD28C6 /* AppSettings.swift */; };
		39BA0727240B534600FD28C6 /* Color+allAccent.swift in Sources */ = {isa = PBXBuildFile; fileRef = 39BA0726240B534600FD28C6 /* Color+allAccent.swift */; };
		39C931DD2384328A004449E1 /* AppDelegate.swift in Sources */ = {isa = PBXBuildFile; fileRef = 39C931DC2384328A004449E1 /* AppDelegate.swift */; };
		39C931DF2384328A004449E1 /* SceneDelegate.swift in Sources */ = {isa = PBXBuildFile; fileRef = 39C931DE2384328A004449E1 /* SceneDelegate.swift */; };
		39C931E12384328A004449E1 /* RootView.swift in Sources */ = {isa = PBXBuildFile; fileRef = 39C931E02384328A004449E1 /* RootView.swift */; };
		39C931E32384328B004449E1 /* Assets.xcassets in Resources */ = {isa = PBXBuildFile; fileRef = 39C931E22384328B004449E1 /* Assets.xcassets */; };
		39C931E62384328B004449E1 /* Preview Assets.xcassets in Resources */ = {isa = PBXBuildFile; fileRef = 39C931E52384328B004449E1 /* Preview Assets.xcassets */; };
		39C931E92384328B004449E1 /* LaunchScreen.storyboard in Resources */ = {isa = PBXBuildFile; fileRef = 39C931E72384328B004449E1 /* LaunchScreen.storyboard */; };
		39C931F523846966004449E1 /* LoginView.swift in Sources */ = {isa = PBXBuildFile; fileRef = 39C931F423846966004449E1 /* LoginView.swift */; };
		39C931F723846B2D004449E1 /* .swiftlint.yml in Resources */ = {isa = PBXBuildFile; fileRef = 39C931F623846B2D004449E1 /* .swiftlint.yml */; };
		39C932072384BB13004449E1 /* RecentRoomsView.swift in Sources */ = {isa = PBXBuildFile; fileRef = 39C932062384BB13004449E1 /* RecentRoomsView.swift */; };
		39C93209238553E4004449E1 /* RoomView.swift in Sources */ = {isa = PBXBuildFile; fileRef = 39C93208238553E4004449E1 /* RoomView.swift */; };
		39C9320B23856033004449E1 /* MessageComposerView.swift in Sources */ = {isa = PBXBuildFile; fileRef = 39C9320A23856033004449E1 /* MessageComposerView.swift */; };
		39D166C62385C804006DD257 /* String+Emoji.swift in Sources */ = {isa = PBXBuildFile; fileRef = 39D166C52385C804006DD257 /* String+Emoji.swift */; };
		39D166C82385C832006DD257 /* EventContainerView.swift in Sources */ = {isa = PBXBuildFile; fileRef = 39D166C72385C832006DD257 /* EventContainerView.swift */; };
		87FE3870173FD55A91B15921 /* Pods_Nio.framework in Frameworks */ = {isa = PBXBuildFile; fileRef = 3410F361E5A713D19ECEF861 /* Pods_Nio.framework */; };
		A329A2AF0574896611D82CC1 /* Pods_NioTests.framework in Frameworks */ = {isa = PBXBuildFile; fileRef = 7FF7D25C200D0F7228279B72 /* Pods_NioTests.framework */; };
		CAC46D5723A272D10079C24F /* BorderlessMessageView.swift in Sources */ = {isa = PBXBuildFile; fileRef = CAC46D5423A272D10079C24F /* BorderlessMessageView.swift */; };
		CAC46D5823A272D10079C24F /* MessageViewModel.swift in Sources */ = {isa = PBXBuildFile; fileRef = CAC46D5523A272D10079C24F /* MessageViewModel.swift */; };
		CAC46D5923A272D10079C24F /* BorderedMessageView.swift in Sources */ = {isa = PBXBuildFile; fileRef = CAC46D5623A272D10079C24F /* BorderedMessageView.swift */; };
		CAC46D5B23A2734C0079C24F /* EnvironmentValues.swift in Sources */ = {isa = PBXBuildFile; fileRef = CAC46D5A23A2734C0079C24F /* EnvironmentValues.swift */; };
		CAC46D5D23A276700079C24F /* Color+Named.swift in Sources */ = {isa = PBXBuildFile; fileRef = CAC46D5C23A276700079C24F /* Color+Named.swift */; };
		CAC46D6023A276B40079C24F /* IndividuallyRoundedRectangle.swift in Sources */ = {isa = PBXBuildFile; fileRef = CAC46D5F23A276B30079C24F /* IndividuallyRoundedRectangle.swift */; };
		CAC46D6323A278F40079C24F /* PreviewProvider+Enumeration.swift in Sources */ = {isa = PBXBuildFile; fileRef = CAC46D6223A278F40079C24F /* PreviewProvider+Enumeration.swift */; };
		CAC46D6B23A55E940079C24F /* PeekableIterator.swift in Sources */ = {isa = PBXBuildFile; fileRef = CAC46D6A23A55E930079C24F /* PeekableIterator.swift */; };
		CAC46D6D23A55EBA0079C24F /* PeekableIteratorTests.swift in Sources */ = {isa = PBXBuildFile; fileRef = CAC46D6C23A55EBA0079C24F /* PeekableIteratorTests.swift */; };
		CAC46D6F23A56BBE0079C24F /* GroupingIterator.swift in Sources */ = {isa = PBXBuildFile; fileRef = CAC46D6E23A56BBE0079C24F /* GroupingIterator.swift */; };
		CAC46D7123A56BFB0079C24F /* GroupingIteratorTests.swift in Sources */ = {isa = PBXBuildFile; fileRef = CAC46D7023A56BFB0079C24F /* GroupingIteratorTests.swift */; };
		CAC46D7323A6AE890079C24F /* TypedEvents.swift in Sources */ = {isa = PBXBuildFile; fileRef = CAC46D7223A6AE890079C24F /* TypedEvents.swift */; };
		CAC46D7723A6CB6C0079C24F /* MXEventType+Equatable.swift in Sources */ = {isa = PBXBuildFile; fileRef = CAC46D7623A6CB6C0079C24F /* MXEventType+Equatable.swift */; };
		CAC46D7923A6D4B90079C24F /* TypedEventsTests.swift in Sources */ = {isa = PBXBuildFile; fileRef = CAC46D7823A6D4B90079C24F /* TypedEventsTests.swift */; };
/* End PBXBuildFile section */

/* Begin PBXContainerItemProxy section */
		393411D3239087D2003B49B8 /* PBXContainerItemProxy */ = {
			isa = PBXContainerItemProxy;
			containerPortal = 39C931D123843289004449E1 /* Project object */;
			proxyType = 1;
			remoteGlobalIDString = 39C931D823843289004449E1;
			remoteInfo = Nio;
		};
/* End PBXContainerItemProxy section */

/* Begin PBXFileReference section */
		09F0138796ED30EE27784967 /* Pods-NioTests.release.xcconfig */ = {isa = PBXFileReference; includeInIndex = 1; lastKnownFileType = text.xcconfig; name = "Pods-NioTests.release.xcconfig"; path = "Target Support Files/Pods-NioTests/Pods-NioTests.release.xcconfig"; sourceTree = "<group>"; };
		1E4E720D4D3B7FC804D870FA /* Pods-Nio.release.xcconfig */ = {isa = PBXFileReference; includeInIndex = 1; lastKnownFileType = text.xcconfig; name = "Pods-Nio.release.xcconfig"; path = "Target Support Files/Pods-Nio/Pods-Nio.release.xcconfig"; sourceTree = "<group>"; };
		2B2F4F3EBCAD5CCD1232E88A /* Pods-Nio.debug.xcconfig */ = {isa = PBXFileReference; includeInIndex = 1; lastKnownFileType = text.xcconfig; name = "Pods-Nio.debug.xcconfig"; path = "Target Support Files/Pods-Nio/Pods-Nio.debug.xcconfig"; sourceTree = "<group>"; };
		3410F361E5A713D19ECEF861 /* Pods_Nio.framework */ = {isa = PBXFileReference; explicitFileType = wrapper.framework; includeInIndex = 0; path = Pods_Nio.framework; sourceTree = BUILT_PRODUCTS_DIR; };
		3902B89B2393FE6100698B87 /* MessageView.swift */ = {isa = PBXFileReference; lastKnownFileType = sourcecode.swift; path = MessageView.swift; sourceTree = "<group>"; };
		3902B89D2393FE8200698B87 /* GenericEventView.swift */ = {isa = PBXFileReference; lastKnownFileType = sourcecode.swift; path = GenericEventView.swift; sourceTree = "<group>"; };
		3902B89F239410EE00698B87 /* ContentSizeCategory.swift */ = {isa = PBXFileReference; lastKnownFileType = sourcecode.swift; path = ContentSizeCategory.swift; sourceTree = "<group>"; };
		3902B8A22395935600698B87 /* SettingsView.swift */ = {isa = PBXFileReference; lastKnownFileType = sourcecode.swift; path = SettingsView.swift; sourceTree = "<group>"; };
		3902B8A42395A77800698B87 /* LoadingView.swift */ = {isa = PBXFileReference; lastKnownFileType = sourcecode.swift; path = LoadingView.swift; sourceTree = "<group>"; };
		3922219524366989004D8794 /* EventContextMenu.swift */ = {isa = PBXFileReference; lastKnownFileType = sourcecode.swift; path = EventContextMenu.swift; sourceTree = "<group>"; };
		39222198243689D6004D8794 /* ReactionEvent.swift */ = {isa = PBXFileReference; lastKnownFileType = sourcecode.swift; path = ReactionEvent.swift; sourceTree = "<group>"; };
		3922219C24368B25004D8794 /* CustomEvent.swift */ = {isa = PBXFileReference; lastKnownFileType = sourcecode.swift; path = CustomEvent.swift; sourceTree = "<group>"; };
		3922219F2437285B004D8794 /* ReactionPicker.swift */ = {isa = PBXFileReference; lastKnownFileType = sourcecode.swift; path = ReactionPicker.swift; sourceTree = "<group>"; };
		392221A92438083C004D8794 /* RedactionView.swift */ = {isa = PBXFileReference; lastKnownFileType = sourcecode.swift; path = RedactionView.swift; sourceTree = "<group>"; };
		392389882386FD3900B2E1DF /* MXClient+Publisher.swift */ = {isa = PBXFileReference; lastKnownFileType = sourcecode.swift; path = "MXClient+Publisher.swift"; sourceTree = "<group>"; };
		3923898C238859D100B2E1DF /* MX+Identifiable.swift */ = {isa = PBXFileReference; lastKnownFileType = sourcecode.swift; path = "MX+Identifiable.swift"; sourceTree = "<group>"; };
		3923898E2388707E00B2E1DF /* RoomListItemView.swift */ = {isa = PBXFileReference; lastKnownFileType = sourcecode.swift; path = RoomListItemView.swift; sourceTree = "<group>"; };
		392389932388899200B2E1DF /* Formatter.swift */ = {isa = PBXFileReference; lastKnownFileType = sourcecode.swift; path = Formatter.swift; sourceTree = "<group>"; };
		392389972388998F00B2E1DF /* ActivityIndicator.swift */ = {isa = PBXFileReference; lastKnownFileType = sourcecode.swift; path = ActivityIndicator.swift; sourceTree = "<group>"; };
		392389CB238EBB1400B2E1DF /* ReverseList.swift */ = {isa = PBXFileReference; lastKnownFileType = sourcecode.swift; path = ReverseList.swift; sourceTree = "<group>"; };
		392389D1238F2E6F00B2E1DF /* NIORoom.swift */ = {isa = PBXFileReference; lastKnownFileType = sourcecode.swift; path = NIORoom.swift; sourceTree = "<group>"; };
		392389D5238F3EB200B2E1DF /* NIORoomSummary.swift */ = {isa = PBXFileReference; lastKnownFileType = sourcecode.swift; path = NIORoomSummary.swift; sourceTree = "<group>"; };
		393411C623903C94003B49B8 /* EventCollection.swift */ = {isa = PBXFileReference; lastKnownFileType = sourcecode.swift; path = EventCollection.swift; sourceTree = "<group>"; };
		393411C823904428003B49B8 /* MXEvent.swift */ = {isa = PBXFileReference; lastKnownFileType = sourcecode.swift; path = MXEvent.swift; sourceTree = "<group>"; };
		393411CE239087D2003B49B8 /* NioTests.xctest */ = {isa = PBXFileReference; explicitFileType = wrapper.cfbundle; includeInIndex = 0; path = NioTests.xctest; sourceTree = BUILT_PRODUCTS_DIR; };
		393411D0239087D2003B49B8 /* EventCollectionTests.swift */ = {isa = PBXFileReference; lastKnownFileType = sourcecode.swift; path = EventCollectionTests.swift; sourceTree = "<group>"; };
		393411D2239087D2003B49B8 /* Info.plist */ = {isa = PBXFileReference; lastKnownFileType = text.plist.xml; path = Info.plist; sourceTree = "<group>"; };
		3984654423B7ECBA006C173B /* MXURL.swift */ = {isa = PBXFileReference; lastKnownFileType = sourcecode.swift; path = MXURL.swift; sourceTree = "<group>"; };
		39BA0720240B1A2600FD28C6 /* AccountStore.swift */ = {isa = PBXFileReference; lastKnownFileType = sourcecode.swift; path = AccountStore.swift; sourceTree = "<group>"; };
		39BA0722240B3C9A00FD28C6 /* MXCredentials+Keychain.swift */ = {isa = PBXFileReference; lastKnownFileType = sourcecode.swift; path = "MXCredentials+Keychain.swift"; sourceTree = "<group>"; };
		39BA0724240B4E8D00FD28C6 /* AppSettings.swift */ = {isa = PBXFileReference; lastKnownFileType = sourcecode.swift; path = AppSettings.swift; sourceTree = "<group>"; };
		39BA0726240B534600FD28C6 /* Color+allAccent.swift */ = {isa = PBXFileReference; lastKnownFileType = sourcecode.swift; path = "Color+allAccent.swift"; sourceTree = "<group>"; };
		39C931D92384328A004449E1 /* Nio.app */ = {isa = PBXFileReference; explicitFileType = wrapper.application; includeInIndex = 0; path = Nio.app; sourceTree = BUILT_PRODUCTS_DIR; };
		39C931DC2384328A004449E1 /* AppDelegate.swift */ = {isa = PBXFileReference; lastKnownFileType = sourcecode.swift; path = AppDelegate.swift; sourceTree = "<group>"; };
		39C931DE2384328A004449E1 /* SceneDelegate.swift */ = {isa = PBXFileReference; lastKnownFileType = sourcecode.swift; path = SceneDelegate.swift; sourceTree = "<group>"; };
		39C931E02384328A004449E1 /* RootView.swift */ = {isa = PBXFileReference; lastKnownFileType = sourcecode.swift; path = RootView.swift; sourceTree = "<group>"; };
		39C931E22384328B004449E1 /* Assets.xcassets */ = {isa = PBXFileReference; lastKnownFileType = folder.assetcatalog; path = Assets.xcassets; sourceTree = "<group>"; };
		39C931E52384328B004449E1 /* Preview Assets.xcassets */ = {isa = PBXFileReference; lastKnownFileType = folder.assetcatalog; path = "Preview Assets.xcassets"; sourceTree = "<group>"; };
		39C931E82384328B004449E1 /* Base */ = {isa = PBXFileReference; lastKnownFileType = file.storyboard; name = Base; path = Base.lproj/LaunchScreen.storyboard; sourceTree = "<group>"; };
		39C931EA2384328B004449E1 /* Info.plist */ = {isa = PBXFileReference; lastKnownFileType = text.plist.xml; path = Info.plist; sourceTree = "<group>"; };
		39C931F423846966004449E1 /* LoginView.swift */ = {isa = PBXFileReference; lastKnownFileType = sourcecode.swift; path = LoginView.swift; sourceTree = "<group>"; usesTabs = 0; };
		39C931F623846B2D004449E1 /* .swiftlint.yml */ = {isa = PBXFileReference; fileEncoding = 4; lastKnownFileType = text.yaml; path = .swiftlint.yml; sourceTree = SOURCE_ROOT; };
		39C932062384BB13004449E1 /* RecentRoomsView.swift */ = {isa = PBXFileReference; lastKnownFileType = sourcecode.swift; path = RecentRoomsView.swift; sourceTree = "<group>"; };
		39C93208238553E4004449E1 /* RoomView.swift */ = {isa = PBXFileReference; lastKnownFileType = sourcecode.swift; path = RoomView.swift; sourceTree = "<group>"; };
		39C9320A23856033004449E1 /* MessageComposerView.swift */ = {isa = PBXFileReference; lastKnownFileType = sourcecode.swift; path = MessageComposerView.swift; sourceTree = "<group>"; };
		39D166C52385C804006DD257 /* String+Emoji.swift */ = {isa = PBXFileReference; lastKnownFileType = sourcecode.swift; path = "String+Emoji.swift"; sourceTree = "<group>"; };
		39D166C72385C832006DD257 /* EventContainerView.swift */ = {isa = PBXFileReference; lastKnownFileType = sourcecode.swift; path = EventContainerView.swift; sourceTree = "<group>"; };
		7FF7D25C200D0F7228279B72 /* Pods_NioTests.framework */ = {isa = PBXFileReference; explicitFileType = wrapper.framework; includeInIndex = 0; path = Pods_NioTests.framework; sourceTree = BUILT_PRODUCTS_DIR; };
		CAC46D5423A272D10079C24F /* BorderlessMessageView.swift */ = {isa = PBXFileReference; fileEncoding = 4; lastKnownFileType = sourcecode.swift; path = BorderlessMessageView.swift; sourceTree = "<group>"; };
		CAC46D5523A272D10079C24F /* MessageViewModel.swift */ = {isa = PBXFileReference; fileEncoding = 4; lastKnownFileType = sourcecode.swift; path = MessageViewModel.swift; sourceTree = "<group>"; };
		CAC46D5623A272D10079C24F /* BorderedMessageView.swift */ = {isa = PBXFileReference; fileEncoding = 4; lastKnownFileType = sourcecode.swift; path = BorderedMessageView.swift; sourceTree = "<group>"; };
		CAC46D5A23A2734C0079C24F /* EnvironmentValues.swift */ = {isa = PBXFileReference; fileEncoding = 4; lastKnownFileType = sourcecode.swift; path = EnvironmentValues.swift; sourceTree = "<group>"; };
		CAC46D5C23A276700079C24F /* Color+Named.swift */ = {isa = PBXFileReference; fileEncoding = 4; lastKnownFileType = sourcecode.swift; path = "Color+Named.swift"; sourceTree = "<group>"; };
		CAC46D5F23A276B30079C24F /* IndividuallyRoundedRectangle.swift */ = {isa = PBXFileReference; fileEncoding = 4; lastKnownFileType = sourcecode.swift; path = IndividuallyRoundedRectangle.swift; sourceTree = "<group>"; };
		CAC46D6223A278F40079C24F /* PreviewProvider+Enumeration.swift */ = {isa = PBXFileReference; fileEncoding = 4; lastKnownFileType = sourcecode.swift; path = "PreviewProvider+Enumeration.swift"; sourceTree = "<group>"; };
		CAC46D6A23A55E930079C24F /* PeekableIterator.swift */ = {isa = PBXFileReference; fileEncoding = 4; lastKnownFileType = sourcecode.swift; path = PeekableIterator.swift; sourceTree = "<group>"; };
		CAC46D6C23A55EBA0079C24F /* PeekableIteratorTests.swift */ = {isa = PBXFileReference; lastKnownFileType = sourcecode.swift; path = PeekableIteratorTests.swift; sourceTree = "<group>"; };
		CAC46D6E23A56BBE0079C24F /* GroupingIterator.swift */ = {isa = PBXFileReference; fileEncoding = 4; lastKnownFileType = sourcecode.swift; path = GroupingIterator.swift; sourceTree = "<group>"; };
		CAC46D7023A56BFB0079C24F /* GroupingIteratorTests.swift */ = {isa = PBXFileReference; lastKnownFileType = sourcecode.swift; path = GroupingIteratorTests.swift; sourceTree = "<group>"; };
		CAC46D7223A6AE890079C24F /* TypedEvents.swift */ = {isa = PBXFileReference; lastKnownFileType = sourcecode.swift; path = TypedEvents.swift; sourceTree = "<group>"; };
		CAC46D7623A6CB6C0079C24F /* MXEventType+Equatable.swift */ = {isa = PBXFileReference; lastKnownFileType = sourcecode.swift; path = "MXEventType+Equatable.swift"; sourceTree = "<group>"; };
		CAC46D7823A6D4B90079C24F /* TypedEventsTests.swift */ = {isa = PBXFileReference; lastKnownFileType = sourcecode.swift; path = TypedEventsTests.swift; sourceTree = "<group>"; };
		E2D5B8AFEEB28F750CE393D1 /* Pods-NioTests.debug.xcconfig */ = {isa = PBXFileReference; includeInIndex = 1; lastKnownFileType = text.xcconfig; name = "Pods-NioTests.debug.xcconfig"; path = "Target Support Files/Pods-NioTests/Pods-NioTests.debug.xcconfig"; sourceTree = "<group>"; };
/* End PBXFileReference section */

/* Begin PBXFrameworksBuildPhase section */
		393411CB239087D2003B49B8 /* Frameworks */ = {
			isa = PBXFrameworksBuildPhase;
			buildActionMask = 2147483647;
			files = (
				A329A2AF0574896611D82CC1 /* Pods_NioTests.framework in Frameworks */,
			);
			runOnlyForDeploymentPostprocessing = 0;
		};
		39C931D623843289004449E1 /* Frameworks */ = {
			isa = PBXFrameworksBuildPhase;
			buildActionMask = 2147483647;
			files = (
				3984654823B8D809006C173B /* SDWebImageSwiftUI in Frameworks */,
				3923899F238ABA5700B2E1DF /* KeychainAccess in Frameworks */,
				87FE3870173FD55A91B15921 /* Pods_Nio.framework in Frameworks */,
				3970DC942385A8BE00EFE31B /* KeyboardObserving in Frameworks */,
			);
			runOnlyForDeploymentPostprocessing = 0;
		};
/* End PBXFrameworksBuildPhase section */

/* Begin PBXGroup section */
		3902B8A12395934900698B87 /* Settings */ = {
			isa = PBXGroup;
			children = (
				3902B8A22395935600698B87 /* SettingsView.swift */,
				39BA0724240B4E8D00FD28C6 /* AppSettings.swift */,
			);
			path = Settings;
			sourceTree = "<group>";
		};
		3902B8A62395A78100698B87 /* Authentication */ = {
			isa = PBXGroup;
			children = (
				39C931F423846966004449E1 /* LoginView.swift */,
				3902B8A42395A77800698B87 /* LoadingView.swift */,
			);
			path = Authentication;
			sourceTree = "<group>";
		};
		3907AB482393FE0E00B25DE9 /* Event Views */ = {
			isa = PBXGroup;
			children = (
				39D166C72385C832006DD257 /* EventContainerView.swift */,
				CAC46D5323A272D10079C24F /* MessageView */,
				392221A92438083C004D8794 /* RedactionView.swift */,
				3902B89D2393FE8200698B87 /* GenericEventView.swift */,
			);
			path = "Event Views";
			sourceTree = "<group>";
		};
		39222197243689CB004D8794 /* Custom Events */ = {
			isa = PBXGroup;
			children = (
				39222198243689D6004D8794 /* ReactionEvent.swift */,
				3922219C24368B25004D8794 /* CustomEvent.swift */,
			);
			path = "Custom Events";
			sourceTree = "<group>";
		};
		3922219E24372834004D8794 /* ContextMenu */ = {
			isa = PBXGroup;
			children = (
				3922219524366989004D8794 /* EventContextMenu.swift */,
				3922219F2437285B004D8794 /* ReactionPicker.swift */,
			);
			path = ContextMenu;
			sourceTree = "<group>";
		};
		392389922388898800B2E1DF /* Utility */ = {
			isa = PBXGroup;
			children = (
				392389932388899200B2E1DF /* Formatter.swift */,
				392389972388998F00B2E1DF /* ActivityIndicator.swift */,
				CAC46D6A23A55E930079C24F /* PeekableIterator.swift */,
				CAC46D6E23A56BBE0079C24F /* GroupingIterator.swift */,
				CAC46D7223A6AE890079C24F /* TypedEvents.swift */,
				3984654423B7ECBA006C173B /* MXURL.swift */,
			);
			path = Utility;
			sourceTree = "<group>";
		};
		392389CA238EBB0800B2E1DF /* Shared Views */ = {
			isa = PBXGroup;
			children = (
				392389CB238EBB1400B2E1DF /* ReverseList.swift */,
			);
			path = "Shared Views";
			sourceTree = "<group>";
		};
		392389D0238F2E6200B2E1DF /* Matrix Wrapper */ = {
			isa = PBXGroup;
			children = (
				39222197243689CB004D8794 /* Custom Events */,
				392389D1238F2E6F00B2E1DF /* NIORoom.swift */,
				392389D5238F3EB200B2E1DF /* NIORoomSummary.swift */,
				393411C623903C94003B49B8 /* EventCollection.swift */,
			);
			path = "Matrix Wrapper";
			sourceTree = "<group>";
		};
		393411CF239087D2003B49B8 /* NioTests */ = {
			isa = PBXGroup;
			children = (
				393411D0239087D2003B49B8 /* EventCollectionTests.swift */,
				CAC46D6C23A55EBA0079C24F /* PeekableIteratorTests.swift */,
				CAC46D7023A56BFB0079C24F /* GroupingIteratorTests.swift */,
				CAC46D7823A6D4B90079C24F /* TypedEventsTests.swift */,
				393411D2239087D2003B49B8 /* Info.plist */,
			);
			path = NioTests;
			sourceTree = "<group>";
		};
		39C931D023843289004449E1 = {
			isa = PBXGroup;
			children = (
				39C931DB2384328A004449E1 /* Nio */,
				393411CF239087D2003B49B8 /* NioTests */,
				39C931DA2384328A004449E1 /* Products */,
				E59A03343DCFE20D3EC045F7 /* Pods */,
				5DC5384442FBDB92C6AD5E68 /* Frameworks */,
			);
			sourceTree = "<group>";
			usesTabs = 0;
		};
		39C931DA2384328A004449E1 /* Products */ = {
			isa = PBXGroup;
			children = (
				39C931D92384328A004449E1 /* Nio.app */,
				393411CE239087D2003B49B8 /* NioTests.xctest */,
			);
			name = Products;
			sourceTree = "<group>";
		};
		39C931DB2384328A004449E1 /* Nio */ = {
			isa = PBXGroup;
			children = (
				39C931DC2384328A004449E1 /* AppDelegate.swift */,
				39BA0720240B1A2600FD28C6 /* AccountStore.swift */,
				39C931DE2384328A004449E1 /* SceneDelegate.swift */,
				39C931E02384328A004449E1 /* RootView.swift */,
				3902B8A62395A78100698B87 /* Authentication */,
				392389D0238F2E6200B2E1DF /* Matrix Wrapper */,
				CAC46D5E23A276B30079C24F /* Shapes */,
				392389CA238EBB0800B2E1DF /* Shared Views */,
				392389922388898800B2E1DF /* Utility */,
				39C932052384BAA0004449E1 /* Conversations */,
				3902B8A12395934900698B87 /* Settings */,
				39D166C42385C7F6006DD257 /* Extensions */,
				39C931E22384328B004449E1 /* Assets.xcassets */,
				39C931EA2384328B004449E1 /* Info.plist */,
				39C931F3238449C2004449E1 /* Supporting Files */,
				39C931E42384328B004449E1 /* Preview Content */,
			);
			path = Nio;
			sourceTree = "<group>";
		};
		39C931E42384328B004449E1 /* Preview Content */ = {
			isa = PBXGroup;
			children = (
				39C931E52384328B004449E1 /* Preview Assets.xcassets */,
			);
			path = "Preview Content";
			sourceTree = "<group>";
		};
		39C931F3238449C2004449E1 /* Supporting Files */ = {
			isa = PBXGroup;
			children = (
				39C931F623846B2D004449E1 /* .swiftlint.yml */,
				39C931E72384328B004449E1 /* LaunchScreen.storyboard */,
			);
			path = "Supporting Files";
			sourceTree = "<group>";
		};
		39C932052384BAA0004449E1 /* Conversations */ = {
			isa = PBXGroup;
			children = (
				39C932062384BB13004449E1 /* RecentRoomsView.swift */,
				3923898E2388707E00B2E1DF /* RoomListItemView.swift */,
				39C93208238553E4004449E1 /* RoomView.swift */,
				3922219E24372834004D8794 /* ContextMenu */,
				39C9320A23856033004449E1 /* MessageComposerView.swift */,
				3907AB482393FE0E00B25DE9 /* Event Views */,
			);
			path = Conversations;
			sourceTree = "<group>";
		};
		39D166C42385C7F6006DD257 /* Extensions */ = {
			isa = PBXGroup;
			children = (
				CAC46D5A23A2734C0079C24F /* EnvironmentValues.swift */,
				39D166C52385C804006DD257 /* String+Emoji.swift */,
				392389882386FD3900B2E1DF /* MXClient+Publisher.swift */,
				3923898C238859D100B2E1DF /* MX+Identifiable.swift */,
				393411C823904428003B49B8 /* MXEvent.swift */,
				CAC46D5C23A276700079C24F /* Color+Named.swift */,
				3902B89F239410EE00698B87 /* ContentSizeCategory.swift */,
				CAC46D7623A6CB6C0079C24F /* MXEventType+Equatable.swift */,
				CAC46D6223A278F40079C24F /* PreviewProvider+Enumeration.swift */,
				39BA0722240B3C9A00FD28C6 /* MXCredentials+Keychain.swift */,
				39BA0726240B534600FD28C6 /* Color+allAccent.swift */,
			);
			path = Extensions;
			sourceTree = "<group>";
		};
		5DC5384442FBDB92C6AD5E68 /* Frameworks */ = {
			isa = PBXGroup;
			children = (
				3410F361E5A713D19ECEF861 /* Pods_Nio.framework */,
				7FF7D25C200D0F7228279B72 /* Pods_NioTests.framework */,
			);
			name = Frameworks;
			sourceTree = "<group>";
		};
		CAC46D5323A272D10079C24F /* MessageView */ = {
			isa = PBXGroup;
			children = (
				CAC46D5523A272D10079C24F /* MessageViewModel.swift */,
				3902B89B2393FE6100698B87 /* MessageView.swift */,
				CAC46D5423A272D10079C24F /* BorderlessMessageView.swift */,
				CAC46D5623A272D10079C24F /* BorderedMessageView.swift */,
			);
			path = MessageView;
			sourceTree = "<group>";
		};
		CAC46D5E23A276B30079C24F /* Shapes */ = {
			isa = PBXGroup;
			children = (
				CAC46D5F23A276B30079C24F /* IndividuallyRoundedRectangle.swift */,
			);
			path = Shapes;
			sourceTree = "<group>";
		};
		E59A03343DCFE20D3EC045F7 /* Pods */ = {
			isa = PBXGroup;
			children = (
				2B2F4F3EBCAD5CCD1232E88A /* Pods-Nio.debug.xcconfig */,
				1E4E720D4D3B7FC804D870FA /* Pods-Nio.release.xcconfig */,
				E2D5B8AFEEB28F750CE393D1 /* Pods-NioTests.debug.xcconfig */,
				09F0138796ED30EE27784967 /* Pods-NioTests.release.xcconfig */,
			);
			path = Pods;
			sourceTree = "<group>";
		};
/* End PBXGroup section */

/* Begin PBXNativeTarget section */
		393411CD239087D2003B49B8 /* NioTests */ = {
			isa = PBXNativeTarget;
			buildConfigurationList = 393411D5239087D2003B49B8 /* Build configuration list for PBXNativeTarget "NioTests" */;
			buildPhases = (
				E7CD7587F7D6B1FF5702EDAB /* [CP] Check Pods Manifest.lock */,
				393411CA239087D2003B49B8 /* Sources */,
				393411CB239087D2003B49B8 /* Frameworks */,
				393411CC239087D2003B49B8 /* Resources */,
				8D77CE9B16DFEEF9EE7A1C43 /* [CP] Embed Pods Frameworks */,
			);
			buildRules = (
			);
			dependencies = (
				393411D4239087D2003B49B8 /* PBXTargetDependency */,
			);
			name = NioTests;
			productName = NioTests;
			productReference = 393411CE239087D2003B49B8 /* NioTests.xctest */;
			productType = "com.apple.product-type.bundle.unit-test";
		};
		39C931D823843289004449E1 /* Nio */ = {
			isa = PBXNativeTarget;
			buildConfigurationList = 39C931ED2384328B004449E1 /* Build configuration list for PBXNativeTarget "Nio" */;
			buildPhases = (
				3B30D3B15955D3087BA94018 /* [CP] Check Pods Manifest.lock */,
				39C931F0238447D2004449E1 /* Swiftlint */,
				39C931D523843289004449E1 /* Sources */,
				39C931D623843289004449E1 /* Frameworks */,
				39C931D723843289004449E1 /* Resources */,
				68561E1145B5AE87692E95D3 /* [CP] Embed Pods Frameworks */,
			);
			buildRules = (
			);
			dependencies = (
			);
			name = Nio;
			packageProductDependencies = (
				3970DC932385A8BE00EFE31B /* KeyboardObserving */,
				3923899E238ABA5700B2E1DF /* KeychainAccess */,
				3984654723B8D809006C173B /* SDWebImageSwiftUI */,
			);
			productName = Nio;
			productReference = 39C931D92384328A004449E1 /* Nio.app */;
			productType = "com.apple.product-type.application";
		};
/* End PBXNativeTarget section */

/* Begin PBXProject section */
		39C931D123843289004449E1 /* Project object */ = {
			isa = PBXProject;
			attributes = {
				LastSwiftUpdateCheck = 1120;
				LastUpgradeCheck = 1130;
				ORGANIZATIONNAME = "Kilian Koeltzsch";
				TargetAttributes = {
					393411CD239087D2003B49B8 = {
						CreatedOnToolsVersion = 11.2.1;
						TestTargetID = 39C931D823843289004449E1;
					};
					39C931D823843289004449E1 = {
						CreatedOnToolsVersion = 11.3;
					};
				};
			};
			buildConfigurationList = 39C931D423843289004449E1 /* Build configuration list for PBXProject "Nio" */;
			compatibilityVersion = "Xcode 9.3";
			developmentRegion = en;
			hasScannedForEncodings = 0;
			knownRegions = (
				en,
				Base,
			);
			mainGroup = 39C931D023843289004449E1;
			packageReferences = (
				3970DC922385A8BE00EFE31B /* XCRemoteSwiftPackageReference "KeyboardObserving" */,
				3923899D238ABA5700B2E1DF /* XCRemoteSwiftPackageReference "KeychainAccess" */,
				3984654623B8D809006C173B /* XCRemoteSwiftPackageReference "SDWebImageSwiftUI" */,
			);
			productRefGroup = 39C931DA2384328A004449E1 /* Products */;
			projectDirPath = "";
			projectRoot = "";
			targets = (
				39C931D823843289004449E1 /* Nio */,
				393411CD239087D2003B49B8 /* NioTests */,
			);
		};
/* End PBXProject section */

/* Begin PBXResourcesBuildPhase section */
		393411CC239087D2003B49B8 /* Resources */ = {
			isa = PBXResourcesBuildPhase;
			buildActionMask = 2147483647;
			files = (
			);
			runOnlyForDeploymentPostprocessing = 0;
		};
		39C931D723843289004449E1 /* Resources */ = {
			isa = PBXResourcesBuildPhase;
			buildActionMask = 2147483647;
			files = (
				39C931F723846B2D004449E1 /* .swiftlint.yml in Resources */,
				39C931E92384328B004449E1 /* LaunchScreen.storyboard in Resources */,
				39C931E62384328B004449E1 /* Preview Assets.xcassets in Resources */,
				39C931E32384328B004449E1 /* Assets.xcassets in Resources */,
			);
			runOnlyForDeploymentPostprocessing = 0;
		};
/* End PBXResourcesBuildPhase section */

/* Begin PBXShellScriptBuildPhase section */
		39C931F0238447D2004449E1 /* Swiftlint */ = {
			isa = PBXShellScriptBuildPhase;
			buildActionMask = 2147483647;
			files = (
			);
			inputFileListPaths = (
			);
			inputPaths = (
			);
			name = Swiftlint;
			outputFileListPaths = (
			);
			outputPaths = (
			);
			runOnlyForDeploymentPostprocessing = 0;
			shellPath = /bin/sh;
			shellScript = "if which swiftlint >/dev/null; then\n  swiftlint\nelse\n  echo \"warning: SwiftLint not installed, download from https://github.com/realm/SwiftLint\"\nfi\n";
		};
		3B30D3B15955D3087BA94018 /* [CP] Check Pods Manifest.lock */ = {
			isa = PBXShellScriptBuildPhase;
			buildActionMask = 2147483647;
			files = (
			);
			inputFileListPaths = (
			);
			inputPaths = (
				"${PODS_PODFILE_DIR_PATH}/Podfile.lock",
				"${PODS_ROOT}/Manifest.lock",
			);
			name = "[CP] Check Pods Manifest.lock";
			outputFileListPaths = (
			);
			outputPaths = (
				"$(DERIVED_FILE_DIR)/Pods-Nio-checkManifestLockResult.txt",
			);
			runOnlyForDeploymentPostprocessing = 0;
			shellPath = /bin/sh;
			shellScript = "diff \"${PODS_PODFILE_DIR_PATH}/Podfile.lock\" \"${PODS_ROOT}/Manifest.lock\" > /dev/null\nif [ $? != 0 ] ; then\n    # print error to STDERR\n    echo \"error: The sandbox is not in sync with the Podfile.lock. Run 'pod install' or update your CocoaPods installation.\" >&2\n    exit 1\nfi\n# This output is used by Xcode 'outputs' to avoid re-running this script phase.\necho \"SUCCESS\" > \"${SCRIPT_OUTPUT_FILE_0}\"\n";
			showEnvVarsInLog = 0;
		};
		68561E1145B5AE87692E95D3 /* [CP] Embed Pods Frameworks */ = {
			isa = PBXShellScriptBuildPhase;
			buildActionMask = 2147483647;
			files = (
			);
			inputFileListPaths = (
				"${PODS_ROOT}/Target Support Files/Pods-Nio/Pods-Nio-frameworks-${CONFIGURATION}-input-files.xcfilelist",
			);
			name = "[CP] Embed Pods Frameworks";
			outputFileListPaths = (
				"${PODS_ROOT}/Target Support Files/Pods-Nio/Pods-Nio-frameworks-${CONFIGURATION}-output-files.xcfilelist",
			);
			runOnlyForDeploymentPostprocessing = 0;
			shellPath = /bin/sh;
			shellScript = "\"${PODS_ROOT}/Target Support Files/Pods-Nio/Pods-Nio-frameworks.sh\"\n";
			showEnvVarsInLog = 0;
		};
		8D77CE9B16DFEEF9EE7A1C43 /* [CP] Embed Pods Frameworks */ = {
			isa = PBXShellScriptBuildPhase;
			buildActionMask = 2147483647;
			files = (
			);
			inputFileListPaths = (
				"${PODS_ROOT}/Target Support Files/Pods-NioTests/Pods-NioTests-frameworks-${CONFIGURATION}-input-files.xcfilelist",
			);
			name = "[CP] Embed Pods Frameworks";
			outputFileListPaths = (
				"${PODS_ROOT}/Target Support Files/Pods-NioTests/Pods-NioTests-frameworks-${CONFIGURATION}-output-files.xcfilelist",
			);
			runOnlyForDeploymentPostprocessing = 0;
			shellPath = /bin/sh;
			shellScript = "\"${PODS_ROOT}/Target Support Files/Pods-NioTests/Pods-NioTests-frameworks.sh\"\n";
			showEnvVarsInLog = 0;
		};
		E7CD7587F7D6B1FF5702EDAB /* [CP] Check Pods Manifest.lock */ = {
			isa = PBXShellScriptBuildPhase;
			buildActionMask = 2147483647;
			files = (
			);
			inputFileListPaths = (
			);
			inputPaths = (
				"${PODS_PODFILE_DIR_PATH}/Podfile.lock",
				"${PODS_ROOT}/Manifest.lock",
			);
			name = "[CP] Check Pods Manifest.lock";
			outputFileListPaths = (
			);
			outputPaths = (
				"$(DERIVED_FILE_DIR)/Pods-NioTests-checkManifestLockResult.txt",
			);
			runOnlyForDeploymentPostprocessing = 0;
			shellPath = /bin/sh;
			shellScript = "diff \"${PODS_PODFILE_DIR_PATH}/Podfile.lock\" \"${PODS_ROOT}/Manifest.lock\" > /dev/null\nif [ $? != 0 ] ; then\n    # print error to STDERR\n    echo \"error: The sandbox is not in sync with the Podfile.lock. Run 'pod install' or update your CocoaPods installation.\" >&2\n    exit 1\nfi\n# This output is used by Xcode 'outputs' to avoid re-running this script phase.\necho \"SUCCESS\" > \"${SCRIPT_OUTPUT_FILE_0}\"\n";
			showEnvVarsInLog = 0;
		};
/* End PBXShellScriptBuildPhase section */

/* Begin PBXSourcesBuildPhase section */
		393411CA239087D2003B49B8 /* Sources */ = {
			isa = PBXSourcesBuildPhase;
			buildActionMask = 2147483647;
			files = (
				CAC46D6D23A55EBA0079C24F /* PeekableIteratorTests.swift in Sources */,
				CAC46D7923A6D4B90079C24F /* TypedEventsTests.swift in Sources */,
				393411D1239087D2003B49B8 /* EventCollectionTests.swift in Sources */,
				CAC46D7123A56BFB0079C24F /* GroupingIteratorTests.swift in Sources */,
			);
			runOnlyForDeploymentPostprocessing = 0;
		};
		39C931D523843289004449E1 /* Sources */ = {
			isa = PBXSourcesBuildPhase;
			buildActionMask = 2147483647;
			files = (
				39C9320B23856033004449E1 /* MessageComposerView.swift in Sources */,
				CAC46D5923A272D10079C24F /* BorderedMessageView.swift in Sources */,
				39BA0721240B1A2600FD28C6 /* AccountStore.swift in Sources */,
				392389892386FD3900B2E1DF /* MXClient+Publisher.swift in Sources */,
				3984654523B7ECBA006C173B /* MXURL.swift in Sources */,
				392389D2238F2E6F00B2E1DF /* NIORoom.swift in Sources */,
				3923898F2388707E00B2E1DF /* RoomListItemView.swift in Sources */,
				39C931DD2384328A004449E1 /* AppDelegate.swift in Sources */,
				393411C923904428003B49B8 /* MXEvent.swift in Sources */,
				3923898D238859D100B2E1DF /* MX+Identifiable.swift in Sources */,
				CAC46D5B23A2734C0079C24F /* EnvironmentValues.swift in Sources */,
				39C932072384BB13004449E1 /* RecentRoomsView.swift in Sources */,
				CAC46D6F23A56BBE0079C24F /* GroupingIterator.swift in Sources */,
				CAC46D7723A6CB6C0079C24F /* MXEventType+Equatable.swift in Sources */,
				393411C723903C94003B49B8 /* EventCollection.swift in Sources */,
				3902B8A52395A77800698B87 /* LoadingView.swift in Sources */,
				3902B8A0239410EE00698B87 /* ContentSizeCategory.swift in Sources */,
				39D166C62385C804006DD257 /* String+Emoji.swift in Sources */,
				392221A02437285B004D8794 /* ReactionPicker.swift in Sources */,
				3902B89C2393FE6100698B87 /* MessageView.swift in Sources */,
				CAC46D5723A272D10079C24F /* BorderlessMessageView.swift in Sources */,
				39C93209238553E4004449E1 /* RoomView.swift in Sources */,
				392221AA2438083C004D8794 /* RedactionView.swift in Sources */,
				392389CC238EBB1500B2E1DF /* ReverseList.swift in Sources */,
				392389942388899200B2E1DF /* Formatter.swift in Sources */,
				39BA0723240B3C9A00FD28C6 /* MXCredentials+Keychain.swift in Sources */,
				CAC46D6323A278F40079C24F /* PreviewProvider+Enumeration.swift in Sources */,
				39222199243689D6004D8794 /* ReactionEvent.swift in Sources */,
				392389D6238F3EB200B2E1DF /* NIORoomSummary.swift in Sources */,
				39BA0725240B4E8D00FD28C6 /* AppSettings.swift in Sources */,
				39D166C82385C832006DD257 /* EventContainerView.swift in Sources */,
				CAC46D6B23A55E940079C24F /* PeekableIterator.swift in Sources */,
				CAC46D5823A272D10079C24F /* MessageViewModel.swift in Sources */,
				39C931DF2384328A004449E1 /* SceneDelegate.swift in Sources */,
				3902B8A32395935600698B87 /* SettingsView.swift in Sources */,
				3922219D24368B25004D8794 /* CustomEvent.swift in Sources */,
				3922219624366989004D8794 /* EventContextMenu.swift in Sources */,
				39C931F523846966004449E1 /* LoginView.swift in Sources */,
				39BA0727240B534600FD28C6 /* Color+allAccent.swift in Sources */,
				CAC46D5D23A276700079C24F /* Color+Named.swift in Sources */,
				3902B89E2393FE8200698B87 /* GenericEventView.swift in Sources */,
				392389982388998F00B2E1DF /* ActivityIndicator.swift in Sources */,
				CAC46D6023A276B40079C24F /* IndividuallyRoundedRectangle.swift in Sources */,
				CAC46D7323A6AE890079C24F /* TypedEvents.swift in Sources */,
				39C931E12384328A004449E1 /* RootView.swift in Sources */,
			);
			runOnlyForDeploymentPostprocessing = 0;
		};
/* End PBXSourcesBuildPhase section */

/* Begin PBXTargetDependency section */
		393411D4239087D2003B49B8 /* PBXTargetDependency */ = {
			isa = PBXTargetDependency;
			target = 39C931D823843289004449E1 /* Nio */;
			targetProxy = 393411D3239087D2003B49B8 /* PBXContainerItemProxy */;
		};
/* End PBXTargetDependency section */

/* Begin PBXVariantGroup section */
		39C931E72384328B004449E1 /* LaunchScreen.storyboard */ = {
			isa = PBXVariantGroup;
			children = (
				39C931E82384328B004449E1 /* Base */,
			);
			name = LaunchScreen.storyboard;
			sourceTree = "<group>";
		};
/* End PBXVariantGroup section */

/* Begin XCBuildConfiguration section */
		393411D6239087D2003B49B8 /* Debug */ = {
			isa = XCBuildConfiguration;
			baseConfigurationReference = E2D5B8AFEEB28F750CE393D1 /* Pods-NioTests.debug.xcconfig */;
			buildSettings = {
				BUNDLE_LOADER = "$(TEST_HOST)";
				CODE_SIGN_STYLE = Automatic;
				DEVELOPMENT_TEAM = HU85FER47E;
				INFOPLIST_FILE = NioTests/Info.plist;
				LD_RUNPATH_SEARCH_PATHS = (
					"$(inherited)",
					"@executable_path/Frameworks",
					"@loader_path/Frameworks",
				);
				PRODUCT_BUNDLE_IDENTIFIER = io.kilian.NioTests;
				PRODUCT_NAME = "$(TARGET_NAME)";
				SWIFT_VERSION = 5.0;
				TARGETED_DEVICE_FAMILY = "1,2";
				TEST_HOST = "$(BUILT_PRODUCTS_DIR)/Nio.app/Nio";
			};
			name = Debug;
		};
		393411D7239087D2003B49B8 /* Release */ = {
			isa = XCBuildConfiguration;
			baseConfigurationReference = 09F0138796ED30EE27784967 /* Pods-NioTests.release.xcconfig */;
			buildSettings = {
				BUNDLE_LOADER = "$(TEST_HOST)";
				CODE_SIGN_STYLE = Automatic;
				DEVELOPMENT_TEAM = HU85FER47E;
				INFOPLIST_FILE = NioTests/Info.plist;
				LD_RUNPATH_SEARCH_PATHS = (
					"$(inherited)",
					"@executable_path/Frameworks",
					"@loader_path/Frameworks",
				);
				PRODUCT_BUNDLE_IDENTIFIER = io.kilian.NioTests;
				PRODUCT_NAME = "$(TARGET_NAME)";
				SWIFT_VERSION = 5.0;
				TARGETED_DEVICE_FAMILY = "1,2";
				TEST_HOST = "$(BUILT_PRODUCTS_DIR)/Nio.app/Nio";
			};
			name = Release;
		};
		39C931EB2384328B004449E1 /* Debug */ = {
			isa = XCBuildConfiguration;
			buildSettings = {
				ALWAYS_SEARCH_USER_PATHS = NO;
				CLANG_ANALYZER_NONNULL = YES;
				CLANG_ANALYZER_NUMBER_OBJECT_CONVERSION = YES_AGGRESSIVE;
				CLANG_CXX_LANGUAGE_STANDARD = "gnu++14";
				CLANG_CXX_LIBRARY = "libc++";
				CLANG_ENABLE_MODULES = YES;
				CLANG_ENABLE_OBJC_ARC = YES;
				CLANG_ENABLE_OBJC_WEAK = YES;
				CLANG_WARN_BLOCK_CAPTURE_AUTORELEASING = YES;
				CLANG_WARN_BOOL_CONVERSION = YES;
				CLANG_WARN_COMMA = YES;
				CLANG_WARN_CONSTANT_CONVERSION = YES;
				CLANG_WARN_DEPRECATED_OBJC_IMPLEMENTATIONS = YES;
				CLANG_WARN_DIRECT_OBJC_ISA_USAGE = YES_ERROR;
				CLANG_WARN_DOCUMENTATION_COMMENTS = YES;
				CLANG_WARN_EMPTY_BODY = YES;
				CLANG_WARN_ENUM_CONVERSION = YES;
				CLANG_WARN_INFINITE_RECURSION = YES;
				CLANG_WARN_INT_CONVERSION = YES;
				CLANG_WARN_NON_LITERAL_NULL_CONVERSION = YES;
				CLANG_WARN_OBJC_IMPLICIT_RETAIN_SELF = YES;
				CLANG_WARN_OBJC_LITERAL_CONVERSION = YES;
				CLANG_WARN_OBJC_ROOT_CLASS = YES_ERROR;
				CLANG_WARN_RANGE_LOOP_ANALYSIS = YES;
				CLANG_WARN_STRICT_PROTOTYPES = YES;
				CLANG_WARN_SUSPICIOUS_MOVE = YES;
				CLANG_WARN_UNGUARDED_AVAILABILITY = YES_AGGRESSIVE;
				CLANG_WARN_UNREACHABLE_CODE = YES;
				CLANG_WARN__DUPLICATE_METHOD_MATCH = YES;
				COPY_PHASE_STRIP = NO;
				DEBUG_INFORMATION_FORMAT = dwarf;
				ENABLE_STRICT_OBJC_MSGSEND = YES;
				ENABLE_TESTABILITY = YES;
				GCC_C_LANGUAGE_STANDARD = gnu11;
				GCC_DYNAMIC_NO_PIC = NO;
				GCC_NO_COMMON_BLOCKS = YES;
				GCC_OPTIMIZATION_LEVEL = 0;
				GCC_PREPROCESSOR_DEFINITIONS = (
					"DEBUG=1",
					"$(inherited)",
				);
				GCC_WARN_64_TO_32_BIT_CONVERSION = YES;
				GCC_WARN_ABOUT_RETURN_TYPE = YES_ERROR;
				GCC_WARN_UNDECLARED_SELECTOR = YES;
				GCC_WARN_UNINITIALIZED_AUTOS = YES_AGGRESSIVE;
				GCC_WARN_UNUSED_FUNCTION = YES;
				GCC_WARN_UNUSED_VARIABLE = YES;
				IPHONEOS_DEPLOYMENT_TARGET = 13.2;
				MTL_ENABLE_DEBUG_INFO = INCLUDE_SOURCE;
				MTL_FAST_MATH = YES;
				ONLY_ACTIVE_ARCH = YES;
				SDKROOT = iphoneos;
				SWIFT_ACTIVE_COMPILATION_CONDITIONS = DEBUG;
				SWIFT_OPTIMIZATION_LEVEL = "-Onone";
			};
			name = Debug;
		};
		39C931EC2384328B004449E1 /* Release */ = {
			isa = XCBuildConfiguration;
			buildSettings = {
				ALWAYS_SEARCH_USER_PATHS = NO;
				CLANG_ANALYZER_NONNULL = YES;
				CLANG_ANALYZER_NUMBER_OBJECT_CONVERSION = YES_AGGRESSIVE;
				CLANG_CXX_LANGUAGE_STANDARD = "gnu++14";
				CLANG_CXX_LIBRARY = "libc++";
				CLANG_ENABLE_MODULES = YES;
				CLANG_ENABLE_OBJC_ARC = YES;
				CLANG_ENABLE_OBJC_WEAK = YES;
				CLANG_WARN_BLOCK_CAPTURE_AUTORELEASING = YES;
				CLANG_WARN_BOOL_CONVERSION = YES;
				CLANG_WARN_COMMA = YES;
				CLANG_WARN_CONSTANT_CONVERSION = YES;
				CLANG_WARN_DEPRECATED_OBJC_IMPLEMENTATIONS = YES;
				CLANG_WARN_DIRECT_OBJC_ISA_USAGE = YES_ERROR;
				CLANG_WARN_DOCUMENTATION_COMMENTS = YES;
				CLANG_WARN_EMPTY_BODY = YES;
				CLANG_WARN_ENUM_CONVERSION = YES;
				CLANG_WARN_INFINITE_RECURSION = YES;
				CLANG_WARN_INT_CONVERSION = YES;
				CLANG_WARN_NON_LITERAL_NULL_CONVERSION = YES;
				CLANG_WARN_OBJC_IMPLICIT_RETAIN_SELF = YES;
				CLANG_WARN_OBJC_LITERAL_CONVERSION = YES;
				CLANG_WARN_OBJC_ROOT_CLASS = YES_ERROR;
				CLANG_WARN_RANGE_LOOP_ANALYSIS = YES;
				CLANG_WARN_STRICT_PROTOTYPES = YES;
				CLANG_WARN_SUSPICIOUS_MOVE = YES;
				CLANG_WARN_UNGUARDED_AVAILABILITY = YES_AGGRESSIVE;
				CLANG_WARN_UNREACHABLE_CODE = YES;
				CLANG_WARN__DUPLICATE_METHOD_MATCH = YES;
				COPY_PHASE_STRIP = NO;
				DEBUG_INFORMATION_FORMAT = "dwarf-with-dsym";
				ENABLE_NS_ASSERTIONS = NO;
				ENABLE_STRICT_OBJC_MSGSEND = YES;
				GCC_C_LANGUAGE_STANDARD = gnu11;
				GCC_NO_COMMON_BLOCKS = YES;
				GCC_WARN_64_TO_32_BIT_CONVERSION = YES;
				GCC_WARN_ABOUT_RETURN_TYPE = YES_ERROR;
				GCC_WARN_UNDECLARED_SELECTOR = YES;
				GCC_WARN_UNINITIALIZED_AUTOS = YES_AGGRESSIVE;
				GCC_WARN_UNUSED_FUNCTION = YES;
				GCC_WARN_UNUSED_VARIABLE = YES;
				IPHONEOS_DEPLOYMENT_TARGET = 13.2;
				MTL_ENABLE_DEBUG_INFO = NO;
				MTL_FAST_MATH = YES;
				SDKROOT = iphoneos;
				SWIFT_COMPILATION_MODE = wholemodule;
				SWIFT_OPTIMIZATION_LEVEL = "-O";
				VALIDATE_PRODUCT = YES;
			};
			name = Release;
		};
		39C931EE2384328B004449E1 /* Debug */ = {
			isa = XCBuildConfiguration;
			baseConfigurationReference = 2B2F4F3EBCAD5CCD1232E88A /* Pods-Nio.debug.xcconfig */;
			buildSettings = {
				ASSETCATALOG_COMPILER_APPICON_NAME = AppIcon;
				CODE_SIGN_STYLE = Automatic;
				CURRENT_PROJECT_VERSION = 13;
				DEVELOPMENT_ASSET_PATHS = "\"Nio/Preview Content\"";
				DEVELOPMENT_TEAM = HU85FER47E;
				ENABLE_PREVIEWS = YES;
				INFOPLIST_FILE = Nio/Info.plist;
				LD_RUNPATH_SEARCH_PATHS = (
					"$(inherited)",
					"@executable_path/Frameworks",
				);
				MARKETING_VERSION = 1.0;
				PRODUCT_BUNDLE_IDENTIFIER = chat.nio.iOS;
				PRODUCT_NAME = "$(TARGET_NAME)";
				SWIFT_VERSION = 5.0;
				TARGETED_DEVICE_FAMILY = "1,2";
			};
			name = Debug;
		};
		39C931EF2384328B004449E1 /* Release */ = {
			isa = XCBuildConfiguration;
			baseConfigurationReference = 1E4E720D4D3B7FC804D870FA /* Pods-Nio.release.xcconfig */;
			buildSettings = {
				ASSETCATALOG_COMPILER_APPICON_NAME = AppIcon;
				CODE_SIGN_STYLE = Automatic;
				CURRENT_PROJECT_VERSION = 13;
				DEVELOPMENT_ASSET_PATHS = "\"Nio/Preview Content\"";
				DEVELOPMENT_TEAM = HU85FER47E;
				ENABLE_PREVIEWS = YES;
				INFOPLIST_FILE = Nio/Info.plist;
				LD_RUNPATH_SEARCH_PATHS = (
					"$(inherited)",
					"@executable_path/Frameworks",
				);
				MARKETING_VERSION = 1.0;
				PRODUCT_BUNDLE_IDENTIFIER = chat.nio.iOS;
				PRODUCT_NAME = "$(TARGET_NAME)";
				SWIFT_VERSION = 5.0;
				TARGETED_DEVICE_FAMILY = "1,2";
			};
			name = Release;
		};
/* End XCBuildConfiguration section */

/* Begin XCConfigurationList section */
		393411D5239087D2003B49B8 /* Build configuration list for PBXNativeTarget "NioTests" */ = {
			isa = XCConfigurationList;
			buildConfigurations = (
				393411D6239087D2003B49B8 /* Debug */,
				393411D7239087D2003B49B8 /* Release */,
			);
			defaultConfigurationIsVisible = 0;
			defaultConfigurationName = Release;
		};
		39C931D423843289004449E1 /* Build configuration list for PBXProject "Nio" */ = {
			isa = XCConfigurationList;
			buildConfigurations = (
				39C931EB2384328B004449E1 /* Debug */,
				39C931EC2384328B004449E1 /* Release */,
			);
			defaultConfigurationIsVisible = 0;
			defaultConfigurationName = Release;
		};
		39C931ED2384328B004449E1 /* Build configuration list for PBXNativeTarget "Nio" */ = {
			isa = XCConfigurationList;
			buildConfigurations = (
				39C931EE2384328B004449E1 /* Debug */,
				39C931EF2384328B004449E1 /* Release */,
			);
			defaultConfigurationIsVisible = 0;
			defaultConfigurationName = Release;
		};
/* End XCConfigurationList section */

/* Begin XCRemoteSwiftPackageReference section */
		3923899D238ABA5700B2E1DF /* XCRemoteSwiftPackageReference "KeychainAccess" */ = {
			isa = XCRemoteSwiftPackageReference;
			repositoryURL = "https://github.com/kishikawakatsumi/KeychainAccess";
			requirement = {
				kind = upToNextMajorVersion;
				minimumVersion = 4.1.0;
			};
		};
		3970DC922385A8BE00EFE31B /* XCRemoteSwiftPackageReference "KeyboardObserving" */ = {
			isa = XCRemoteSwiftPackageReference;
			repositoryURL = "https://github.com/nickffox/KeyboardObserving.git";
			requirement = {
				kind = upToNextMajorVersion;
				minimumVersion = 0.2.1;
			};
		};
		3984654623B8D809006C173B /* XCRemoteSwiftPackageReference "SDWebImageSwiftUI" */ = {
			isa = XCRemoteSwiftPackageReference;
			repositoryURL = "https://github.com/SDWebImage/SDWebImageSwiftUI.git";
			requirement = {
				kind = upToNextMajorVersion;
				minimumVersion = 1.0.0;
			};
		};
/* End XCRemoteSwiftPackageReference section */

/* Begin XCSwiftPackageProductDependency section */
		3923899E238ABA5700B2E1DF /* KeychainAccess */ = {
			isa = XCSwiftPackageProductDependency;
			package = 3923899D238ABA5700B2E1DF /* XCRemoteSwiftPackageReference "KeychainAccess" */;
			productName = KeychainAccess;
		};
		3970DC932385A8BE00EFE31B /* KeyboardObserving */ = {
			isa = XCSwiftPackageProductDependency;
			package = 3970DC922385A8BE00EFE31B /* XCRemoteSwiftPackageReference "KeyboardObserving" */;
			productName = KeyboardObserving;
		};
		3984654723B8D809006C173B /* SDWebImageSwiftUI */ = {
			isa = XCSwiftPackageProductDependency;
			package = 3984654623B8D809006C173B /* XCRemoteSwiftPackageReference "SDWebImageSwiftUI" */;
			productName = SDWebImageSwiftUI;
		};
/* End XCSwiftPackageProductDependency section */
	};
	rootObject = 39C931D123843289004449E1 /* Project object */;
}
