{
  "object": {
    "pins": [
      {
        "package": "BlurHash",
        "repositoryURL": "https://github.com/niochat/BlurHash",
        "state": {
          "branch": null,
          "revision": "1c54f004fa1314ebcf678fad33381afb449a79b9",
          "version": "0.1.0"
        }
      },
      {
        "package": "CommonMark",
        "repositoryURL": "https://github.com/SwiftDocOrg/CommonMark.git",
        "state": {
          "branch": null,
          "revision": "35718fc895ff25908628a47b44ae74aba75b6770",
          "version": "0.3.2"
        }
      },
      {
        "package": "CommonMarkAttributedString",
        "repositoryURL": "https://github.com/mattt/CommonMarkAttributedString",
        "state": {
          "branch": null,
          "revision": "578419f521d16fd5fb6e757e7f5a6a4748fc0c38",
          "version": "0.2.0"
        }
      },
      {
        "package": "KeychainAccess",
        "repositoryURL": "https://github.com/kishikawakatsumi/KeychainAccess",
        "state": {
          "branch": null,
          "revision": "654d52d30f3dd4592e944c3e0bccb53178c992f6",
          "version": "4.2.1"
        }
      },
      {
        "package": "MatrixSDK",
        "repositoryURL": "https://github.com/niochat/MatrixSDK",
        "state": {
          "branch": null,
          "revision": "faab7d8d55910f40589111caf9392d67c24889a9",
          "version": "0.20.14"
        }
      },
      {
        "package": "SDWebImage",
        "repositoryURL": "https://github.com/SDWebImage/SDWebImage.git",
        "state": {
          "branch": null,
          "revision": "e857b78ca4c8afe616b794aeb090d40f4e348072",
          "version": "5.10.0"
        }
      },
      {
        "package": "SDWebImageSwiftUI",
        "repositoryURL": "https://github.com/SDWebImage/SDWebImageSwiftUI.git",
        "state": {
          "branch": null,
          "revision": "4c7f169e39bc35d6b80d42b8eb8301bee9cd0907",
          "version": "1.5.0"
        }
      },
      {
        "package": "cmark",
        "repositoryURL": "https://github.com/SwiftDocOrg/swift-cmark.git",
        "state": {
          "branch": null,
          "revision": "1168665f6b36be747ffe6b7b90bc54cfc17f42b7",
          "version": "0.28.3+20200207.1168665"
        }
      },
      {
        "package": "Introspect",
        "repositoryURL": "https://github.com/siteline/SwiftUI-Introspect",
        "state": {
          "branch": null,
          "revision": "36ecf80429d00a4cd1e81fbfe4655b1d99ebd651",
          "version": "0.1.2"
        }
      },
      {
        "package": "SwiftyBeaver",
        "repositoryURL": "https://github.com/SwiftyBeaver/SwiftyBeaver",
        "state": {
          "branch": null,
          "revision": "2c039501d6eeb4d4cd4aec4a8d884ad28862e044",
          "version": "1.9.5"
        }
      }
    ]
  },
  "version": 1
}
