{
  "object": {
    "pins": [
      {
        "package": "BlurHash",
        "repositoryURL": "https://github.com/niochat/BlurHash",
        "state": {
          "branch": null,
          "revision": "1c54f004fa1314ebcf678fad33381afb449a79b9",
          "version": "0.1.0"
        }
      },
      {
        "package": "CommonMark",
        "repositoryURL": "https://github.com/SwiftDocOrg/CommonMark.git",
        "state": {
          "branch": null,
          "revision": "35718fc895ff25908628a47b44ae74aba75b6770",
          "version": "0.3.2"
        }
      },
      {
        "package": "CommonMarkAttributedString",
        "repositoryURL": "https://github.com/mattt/CommonMarkAttributedString",
        "state": {
          "branch": null,
          "revision": "578419f521d16fd5fb6e757e7f5a6a4748fc0c38",
          "version": "0.2.0"
        }
      },
      {
        "package": "KeyboardObserving",
        "repositoryURL": "https://github.com/nickffox/KeyboardObserving.git",
        "state": {
          "branch": null,
          "revision": "6d043ee2402ea4b827601f9b8edcc52a88aabff2",
          "version": "0.2.1"
        }
      },
      {
        "package": "KeychainAccess",
        "repositoryURL": "https://github.com/kishikawakatsumi/KeychainAccess",
        "state": {
          "branch": null,
          "revision": "b920ad7df3c73189dcdd4aa05c540849b2010dbf",
          "version": "4.1.0"
        }
      },
      {
        "package": "SDWebImage",
        "repositoryURL": "https://github.com/SDWebImage/SDWebImage.git",
        "state": {
          "branch": null,
          "revision": "2dcf1b65994d92ef8806f52dc41aa6fdd677489c",
          "version": "5.6.1"
        }
      },
      {
        "package": "SDWebImageSwiftUI",
        "repositoryURL": "https://github.com/SDWebImage/SDWebImageSwiftUI.git",
        "state": {
          "branch": null,
          "revision": "b60924f6b83bd942b88282ee6da277cfc3b7383a",
          "version": "1.0.0"
        }
      },
      {
        "package": "cmark",
        "repositoryURL": "https://github.com/SwiftDocOrg/swift-cmark.git",
        "state": {
          "branch": null,
          "revision": "1168665f6b36be747ffe6b7b90bc54cfc17f42b7",
          "version": "0.28.3+20200207.1168665"
        }
      }
    ]
  },
  "version": 1
}
